// !$*UTF8*$!
{
	archiveVersion = 1;
	classes = {
	};
	objectVersion = 46;
	objects = {

/* Begin PBXBuildFile section */
		D23EE4081CDF56B100D6143D /* AppDelegate.swift in Sources */ = {isa = PBXBuildFile; fileRef = D23EE4071CDF56B100D6143D /* AppDelegate.swift */; };
		D23EE40D1CDF56B100D6143D /* Main.storyboard in Resources */ = {isa = PBXBuildFile; fileRef = D23EE40B1CDF56B100D6143D /* Main.storyboard */; };
		D23EE40F1CDF56B100D6143D /* Assets.xcassets in Resources */ = {isa = PBXBuildFile; fileRef = D23EE40E1CDF56B100D6143D /* Assets.xcassets */; };
		D23EE4121CDF56B100D6143D /* LaunchScreen.storyboard in Resources */ = {isa = PBXBuildFile; fileRef = D23EE4101CDF56B100D6143D /* LaunchScreen.storyboard */; };
		D23EE41A1CDF62A500D6143D /* ZipArchive.framework in Frameworks */ = {isa = PBXBuildFile; fileRef = D23EE4191CDF62A500D6143D /* ZipArchive.framework */; };
		D23EE41B1CDF62A500D6143D /* ZipArchive.framework in Embed Frameworks */ = {isa = PBXBuildFile; fileRef = D23EE4191CDF62A500D6143D /* ZipArchive.framework */; settings = {ATTRIBUTES = (CodeSignOnCopy, RemoveHeadersOnCopy, ); }; };
		D23EE41F1CE0C1DB00D6143D /* Alamofire.framework in Frameworks */ = {isa = PBXBuildFile; fileRef = D23EE41E1CE0C1DB00D6143D /* Alamofire.framework */; };
		D23EE4201CE0C1DB00D6143D /* Alamofire.framework in Embed Frameworks */ = {isa = PBXBuildFile; fileRef = D23EE41E1CE0C1DB00D6143D /* Alamofire.framework */; settings = {ATTRIBUTES = (CodeSignOnCopy, RemoveHeadersOnCopy, ); }; };
		D23EE4221CE1C0E300D6143D /* ObjectMapper.framework in Frameworks */ = {isa = PBXBuildFile; fileRef = D23EE4211CE1C0E300D6143D /* ObjectMapper.framework */; };
		D23EE4231CE1C0E300D6143D /* ObjectMapper.framework in Embed Frameworks */ = {isa = PBXBuildFile; fileRef = D23EE4211CE1C0E300D6143D /* ObjectMapper.framework */; settings = {ATTRIBUTES = (CodeSignOnCopy, RemoveHeadersOnCopy, ); }; };
		D23EE4261CE1C1A300D6143D /* Repo.swift in Sources */ = {isa = PBXBuildFile; fileRef = D23EE4251CE1C1A300D6143D /* Repo.swift */; };
		D23EE4281CE1C2B200D6143D /* Owner.swift in Sources */ = {isa = PBXBuildFile; fileRef = D23EE4271CE1C2B200D6143D /* Owner.swift */; };
		D23EE42E1CE1CC7600D6143D /* SearchViewController.swift in Sources */ = {isa = PBXBuildFile; fileRef = D23EE42D1CE1CC7600D6143D /* SearchViewController.swift */; };
		D23EE4301CE1D6DE00D6143D /* SearchRepoResponse.swift in Sources */ = {isa = PBXBuildFile; fileRef = D23EE42F1CE1D6DE00D6143D /* SearchRepoResponse.swift */; };
		D23EE4331CE2266300D6143D /* SearchRepoCell.swift in Sources */ = {isa = PBXBuildFile; fileRef = D23EE4311CE2266300D6143D /* SearchRepoCell.swift */; };
		D23EE4341CE2266300D6143D /* SearchRepoCell.xib in Resources */ = {isa = PBXBuildFile; fileRef = D23EE4321CE2266300D6143D /* SearchRepoCell.xib */; };
		D23EE4361CE2387C00D6143D /* Kingfisher.framework in Frameworks */ = {isa = PBXBuildFile; fileRef = D23EE4351CE2387C00D6143D /* Kingfisher.framework */; };
		D23EE4371CE2387C00D6143D /* Kingfisher.framework in Embed Frameworks */ = {isa = PBXBuildFile; fileRef = D23EE4351CE2387C00D6143D /* Kingfisher.framework */; settings = {ATTRIBUTES = (CodeSignOnCopy, RemoveHeadersOnCopy, ); }; };
		D23EE43A1CE3653E00D6143D /* Extensions.swift in Sources */ = {isa = PBXBuildFile; fileRef = D23EE4391CE3653E00D6143D /* Extensions.swift */; };
		D23EE43C1CE479B700D6143D /* RepoViewController.swift in Sources */ = {isa = PBXBuildFile; fileRef = D23EE43B1CE479B700D6143D /* RepoViewController.swift */; };
		D2537C881CE7542D00848FD2 /* SearchRepoViewModel.swift in Sources */ = {isa = PBXBuildFile; fileRef = D2537C871CE7542D00848FD2 /* SearchRepoViewModel.swift */; };
/* End PBXBuildFile section */

/* Begin PBXCopyFilesBuildPhase section */
		D23EE41C1CDF62A500D6143D /* Embed Frameworks */ = {
			isa = PBXCopyFilesBuildPhase;
			buildActionMask = 2147483647;
			dstPath = "";
			dstSubfolderSpec = 10;
			files = (
				D23EE4371CE2387C00D6143D /* Kingfisher.framework in Embed Frameworks */,
				D23EE4231CE1C0E300D6143D /* ObjectMapper.framework in Embed Frameworks */,
				D23EE41B1CDF62A500D6143D /* ZipArchive.framework in Embed Frameworks */,
				D23EE4201CE0C1DB00D6143D /* Alamofire.framework in Embed Frameworks */,
			);
			name = "Embed Frameworks";
			runOnlyForDeploymentPostprocessing = 0;
		};
/* End PBXCopyFilesBuildPhase section */

/* Begin PBXFileReference section */
		D23EE4041CDF56B100D6143D /* CodeReader.app */ = {isa = PBXFileReference; explicitFileType = wrapper.application; includeInIndex = 0; path = CodeReader.app; sourceTree = BUILT_PRODUCTS_DIR; };
		D23EE4071CDF56B100D6143D /* AppDelegate.swift */ = {isa = PBXFileReference; lastKnownFileType = sourcecode.swift; path = AppDelegate.swift; sourceTree = "<group>"; };
		D23EE40C1CDF56B100D6143D /* Base */ = {isa = PBXFileReference; lastKnownFileType = file.storyboard; name = Base; path = Base.lproj/Main.storyboard; sourceTree = "<group>"; };
		D23EE40E1CDF56B100D6143D /* Assets.xcassets */ = {isa = PBXFileReference; lastKnownFileType = folder.assetcatalog; path = Assets.xcassets; sourceTree = "<group>"; };
		D23EE4111CDF56B100D6143D /* Base */ = {isa = PBXFileReference; lastKnownFileType = file.storyboard; name = Base; path = Base.lproj/LaunchScreen.storyboard; sourceTree = "<group>"; };
		D23EE4131CDF56B100D6143D /* Info.plist */ = {isa = PBXFileReference; lastKnownFileType = text.plist.xml; path = Info.plist; sourceTree = "<group>"; };
		D23EE4191CDF62A500D6143D /* ZipArchive.framework */ = {isa = PBXFileReference; lastKnownFileType = wrapper.framework; name = ZipArchive.framework; path = Carthage/Build/iOS/ZipArchive.framework; sourceTree = "<group>"; };
		D23EE41E1CE0C1DB00D6143D /* Alamofire.framework */ = {isa = PBXFileReference; lastKnownFileType = wrapper.framework; name = Alamofire.framework; path = Carthage/Build/iOS/Alamofire.framework; sourceTree = "<group>"; };
		D23EE4211CE1C0E300D6143D /* ObjectMapper.framework */ = {isa = PBXFileReference; lastKnownFileType = wrapper.framework; name = ObjectMapper.framework; path = Carthage/Build/iOS/ObjectMapper.framework; sourceTree = "<group>"; };
		D23EE4251CE1C1A300D6143D /* Repo.swift */ = {isa = PBXFileReference; fileEncoding = 4; lastKnownFileType = sourcecode.swift; path = Repo.swift; sourceTree = "<group>"; };
		D23EE4271CE1C2B200D6143D /* Owner.swift */ = {isa = PBXFileReference; fileEncoding = 4; lastKnownFileType = sourcecode.swift; path = Owner.swift; sourceTree = "<group>"; };
		D23EE42D1CE1CC7600D6143D /* SearchViewController.swift */ = {isa = PBXFileReference; fileEncoding = 4; lastKnownFileType = sourcecode.swift; path = SearchViewController.swift; sourceTree = "<group>"; };
		D23EE42F1CE1D6DE00D6143D /* SearchRepoResponse.swift */ = {isa = PBXFileReference; fileEncoding = 4; lastKnownFileType = sourcecode.swift; path = SearchRepoResponse.swift; sourceTree = "<group>"; };
		D23EE4311CE2266300D6143D /* SearchRepoCell.swift */ = {isa = PBXFileReference; fileEncoding = 4; lastKnownFileType = sourcecode.swift; path = SearchRepoCell.swift; sourceTree = "<group>"; };
		D23EE4321CE2266300D6143D /* SearchRepoCell.xib */ = {isa = PBXFileReference; fileEncoding = 4; lastKnownFileType = file.xib; path = SearchRepoCell.xib; sourceTree = "<group>"; };
		D23EE4351CE2387C00D6143D /* Kingfisher.framework */ = {isa = PBXFileReference; lastKnownFileType = wrapper.framework; name = Kingfisher.framework; path = Carthage/Build/iOS/Kingfisher.framework; sourceTree = "<group>"; };
		D23EE4391CE3653E00D6143D /* Extensions.swift */ = {isa = PBXFileReference; fileEncoding = 4; lastKnownFileType = sourcecode.swift; path = Extensions.swift; sourceTree = "<group>"; };
		D23EE43B1CE479B700D6143D /* RepoViewController.swift */ = {isa = PBXFileReference; fileEncoding = 4; lastKnownFileType = sourcecode.swift; path = RepoViewController.swift; sourceTree = "<group>"; };
		D2537C871CE7542D00848FD2 /* SearchRepoViewModel.swift */ = {isa = PBXFileReference; fileEncoding = 4; lastKnownFileType = sourcecode.swift; path = SearchRepoViewModel.swift; sourceTree = "<group>"; };
/* End PBXFileReference section */

/* Begin PBXFrameworksBuildPhase section */
		D23EE4011CDF56B100D6143D /* Frameworks */ = {
			isa = PBXFrameworksBuildPhase;
			buildActionMask = 2147483647;
			files = (
				D23EE4361CE2387C00D6143D /* Kingfisher.framework in Frameworks */,
				D23EE4221CE1C0E300D6143D /* ObjectMapper.framework in Frameworks */,
				D23EE41A1CDF62A500D6143D /* ZipArchive.framework in Frameworks */,
				D23EE41F1CE0C1DB00D6143D /* Alamofire.framework in Frameworks */,
			);
			runOnlyForDeploymentPostprocessing = 0;
		};
/* End PBXFrameworksBuildPhase section */

/* Begin PBXGroup section */
		D23EE3FB1CDF56B100D6143D = {
			isa = PBXGroup;
			children = (
				D23EE41D1CDF62B900D6143D /* Frameworks */,
				D23EE4061CDF56B100D6143D /* CodeReader */,
				D23EE4051CDF56B100D6143D /* Products */,
			);
			sourceTree = "<group>";
		};
		D23EE4051CDF56B100D6143D /* Products */ = {
			isa = PBXGroup;
			children = (
				D23EE4041CDF56B100D6143D /* CodeReader.app */,
			);
			name = Products;
			sourceTree = "<group>";
		};
		D23EE4061CDF56B100D6143D /* CodeReader */ = {
			isa = PBXGroup;
			children = (
				D23EE4381CE3650C00D6143D /* Helper */,
				D2537C861CE7541800848FD2 /* ViewModel */,
				D23EE42C1CE1CC6200D6143D /* View */,
				D23EE4241CE1C19500D6143D /* Model */,
				D23EE4071CDF56B100D6143D /* AppDelegate.swift */,
				D23EE40B1CDF56B100D6143D /* Main.storyboard */,
				D23EE40E1CDF56B100D6143D /* Assets.xcassets */,
				D23EE4101CDF56B100D6143D /* LaunchScreen.storyboard */,
				D23EE4131CDF56B100D6143D /* Info.plist */,
			);
			path = CodeReader;
			sourceTree = "<group>";
		};
		D23EE41D1CDF62B900D6143D /* Frameworks */ = {
			isa = PBXGroup;
			children = (
				D23EE4351CE2387C00D6143D /* Kingfisher.framework */,
				D23EE4211CE1C0E300D6143D /* ObjectMapper.framework */,
				D23EE41E1CE0C1DB00D6143D /* Alamofire.framework */,
				D23EE4191CDF62A500D6143D /* ZipArchive.framework */,
			);
			name = Frameworks;
			sourceTree = "<group>";
		};
		D23EE4241CE1C19500D6143D /* Model */ = {
			isa = PBXGroup;
			children = (
				D23EE4251CE1C1A300D6143D /* Repo.swift */,
				D23EE4271CE1C2B200D6143D /* Owner.swift */,
				D23EE42F1CE1D6DE00D6143D /* SearchRepoResponse.swift */,
			);
			path = Model;
			sourceTree = "<group>";
		};
		D23EE42C1CE1CC6200D6143D /* View */ = {
			isa = PBXGroup;
			children = (
				D23EE42D1CE1CC7600D6143D /* SearchViewController.swift */,
				D23EE4311CE2266300D6143D /* SearchRepoCell.swift */,
				D23EE4321CE2266300D6143D /* SearchRepoCell.xib */,
				D23EE43B1CE479B700D6143D /* RepoViewController.swift */,
			);
			path = View;
			sourceTree = "<group>";
		};
		D23EE4381CE3650C00D6143D /* Helper */ = {
			isa = PBXGroup;
			children = (
				D23EE4391CE3653E00D6143D /* Extensions.swift */,
			);
			path = Helper;
			sourceTree = "<group>";
		};
		D2537C861CE7541800848FD2 /* ViewModel */ = {
			isa = PBXGroup;
			children = (
				D2537C871CE7542D00848FD2 /* SearchRepoViewModel.swift */,
			);
			name = ViewModel;
			path = Helper/ViewModel;
			sourceTree = "<group>";
		};
/* End PBXGroup section */

/* Begin PBXNativeTarget section */
		D23EE4031CDF56B100D6143D /* CodeReader */ = {
			isa = PBXNativeTarget;
			buildConfigurationList = D23EE4161CDF56B100D6143D /* Build configuration list for PBXNativeTarget "CodeReader" */;
			buildPhases = (
				D23EE4001CDF56B100D6143D /* Sources */,
				D23EE4011CDF56B100D6143D /* Frameworks */,
				D23EE4021CDF56B100D6143D /* Resources */,
				D23EE41C1CDF62A500D6143D /* Embed Frameworks */,
			);
			buildRules = (
			);
			dependencies = (
			);
			name = CodeReader;
			productName = CodeReader;
			productReference = D23EE4041CDF56B100D6143D /* CodeReader.app */;
			productType = "com.apple.product-type.application";
		};
/* End PBXNativeTarget section */

/* Begin PBXProject section */
		D23EE3FC1CDF56B100D6143D /* Project object */ = {
			isa = PBXProject;
			attributes = {
				LastSwiftUpdateCheck = 0730;
				LastUpgradeCheck = 0730;
				ORGANIZATIONNAME = MAD;
				TargetAttributes = {
					D23EE4031CDF56B100D6143D = {
						CreatedOnToolsVersion = 7.3;
						DevelopmentTeam = 683SQXQW65;
					};
				};
			};
			buildConfigurationList = D23EE3FF1CDF56B100D6143D /* Build configuration list for PBXProject "CodeReader" */;
			compatibilityVersion = "Xcode 3.2";
			developmentRegion = English;
			hasScannedForEncodings = 0;
			knownRegions = (
				en,
				Base,
			);
			mainGroup = D23EE3FB1CDF56B100D6143D;
			productRefGroup = D23EE4051CDF56B100D6143D /* Products */;
			projectDirPath = "";
			projectRoot = "";
			targets = (
				D23EE4031CDF56B100D6143D /* CodeReader */,
			);
		};
/* End PBXProject section */

/* Begin PBXResourcesBuildPhase section */
		D23EE4021CDF56B100D6143D /* Resources */ = {
			isa = PBXResourcesBuildPhase;
			buildActionMask = 2147483647;
			files = (
				D23EE4121CDF56B100D6143D /* LaunchScreen.storyboard in Resources */,
				D23EE40F1CDF56B100D6143D /* Assets.xcassets in Resources */,
				D23EE40D1CDF56B100D6143D /* Main.storyboard in Resources */,
				D23EE4341CE2266300D6143D /* SearchRepoCell.xib in Resources */,
			);
			runOnlyForDeploymentPostprocessing = 0;
		};
/* End PBXResourcesBuildPhase section */

/* Begin PBXSourcesBuildPhase section */
		D23EE4001CDF56B100D6143D /* Sources */ = {
			isa = PBXSourcesBuildPhase;
			buildActionMask = 2147483647;
			files = (
				D2537C881CE7542D00848FD2 /* SearchRepoViewModel.swift in Sources */,
				D23EE43C1CE479B700D6143D /* RepoViewController.swift in Sources */,
				D23EE4261CE1C1A300D6143D /* Repo.swift in Sources */,
				D23EE4281CE1C2B200D6143D /* Owner.swift in Sources */,
				D23EE4301CE1D6DE00D6143D /* SearchRepoResponse.swift in Sources */,
				D23EE42E1CE1CC7600D6143D /* SearchViewController.swift in Sources */,
				D23EE4081CDF56B100D6143D /* AppDelegate.swift in Sources */,
				D23EE4331CE2266300D6143D /* SearchRepoCell.swift in Sources */,
				D23EE43A1CE3653E00D6143D /* Extensions.swift in Sources */,
			);
			runOnlyForDeploymentPostprocessing = 0;
		};
/* End PBXSourcesBuildPhase section */

/* Begin PBXVariantGroup section */
		D23EE40B1CDF56B100D6143D /* Main.storyboard */ = {
			isa = PBXVariantGroup;
			children = (
				D23EE40C1CDF56B100D6143D /* Base */,
			);
			name = Main.storyboard;
			sourceTree = "<group>";
		};
		D23EE4101CDF56B100D6143D /* LaunchScreen.storyboard */ = {
			isa = PBXVariantGroup;
			children = (
				D23EE4111CDF56B100D6143D /* Base */,
			);
			name = LaunchScreen.storyboard;
			sourceTree = "<group>";
		};
/* End PBXVariantGroup section */

/* Begin XCBuildConfiguration section */
		D23EE4141CDF56B100D6143D /* Debug */ = {
			isa = XCBuildConfiguration;
			buildSettings = {
				ALWAYS_SEARCH_USER_PATHS = NO;
				CLANG_ANALYZER_NONNULL = YES;
				CLANG_CXX_LANGUAGE_STANDARD = "gnu++0x";
				CLANG_CXX_LIBRARY = "libc++";
				CLANG_ENABLE_MODULES = YES;
				CLANG_ENABLE_OBJC_ARC = YES;
				CLANG_WARN_BOOL_CONVERSION = YES;
				CLANG_WARN_CONSTANT_CONVERSION = YES;
				CLANG_WARN_DIRECT_OBJC_ISA_USAGE = YES_ERROR;
				CLANG_WARN_EMPTY_BODY = YES;
				CLANG_WARN_ENUM_CONVERSION = YES;
				CLANG_WARN_INT_CONVERSION = YES;
				CLANG_WARN_OBJC_ROOT_CLASS = YES_ERROR;
				CLANG_WARN_UNREACHABLE_CODE = YES;
				CLANG_WARN__DUPLICATE_METHOD_MATCH = YES;
				"CODE_SIGN_IDENTITY[sdk=iphoneos*]" = "iPhone Developer";
				COPY_PHASE_STRIP = NO;
				DEBUG_INFORMATION_FORMAT = dwarf;
				ENABLE_STRICT_OBJC_MSGSEND = YES;
				ENABLE_TESTABILITY = YES;
				GCC_C_LANGUAGE_STANDARD = gnu99;
				GCC_DYNAMIC_NO_PIC = NO;
				GCC_NO_COMMON_BLOCKS = YES;
				GCC_OPTIMIZATION_LEVEL = 0;
				GCC_PREPROCESSOR_DEFINITIONS = (
					"DEBUG=1",
					"$(inherited)",
				);
				GCC_WARN_64_TO_32_BIT_CONVERSION = YES;
				GCC_WARN_ABOUT_RETURN_TYPE = YES_ERROR;
				GCC_WARN_UNDECLARED_SELECTOR = YES;
				GCC_WARN_UNINITIALIZED_AUTOS = YES_AGGRESSIVE;
				GCC_WARN_UNUSED_FUNCTION = YES;
				GCC_WARN_UNUSED_VARIABLE = YES;
				IPHONEOS_DEPLOYMENT_TARGET = 9.3;
				MTL_ENABLE_DEBUG_INFO = YES;
				ONLY_ACTIVE_ARCH = YES;
				SDKROOT = iphoneos;
				SWIFT_OPTIMIZATION_LEVEL = "-Onone";
			};
			name = Debug;
		};
		D23EE4151CDF56B100D6143D /* Release */ = {
			isa = XCBuildConfiguration;
			buildSettings = {
				ALWAYS_SEARCH_USER_PATHS = NO;
				CLANG_ANALYZER_NONNULL = YES;
				CLANG_CXX_LANGUAGE_STANDARD = "gnu++0x";
				CLANG_CXX_LIBRARY = "libc++";
				CLANG_ENABLE_MODULES = YES;
				CLANG_ENABLE_OBJC_ARC = YES;
				CLANG_WARN_BOOL_CONVERSION = YES;
				CLANG_WARN_CONSTANT_CONVERSION = YES;
				CLANG_WARN_DIRECT_OBJC_ISA_USAGE = YES_ERROR;
				CLANG_WARN_EMPTY_BODY = YES;
				CLANG_WARN_ENUM_CONVERSION = YES;
				CLANG_WARN_INT_CONVERSION = YES;
				CLANG_WARN_OBJC_ROOT_CLASS = YES_ERROR;
				CLANG_WARN_UNREACHABLE_CODE = YES;
				CLANG_WARN__DUPLICATE_METHOD_MATCH = YES;
				"CODE_SIGN_IDENTITY[sdk=iphoneos*]" = "iPhone Developer";
				COPY_PHASE_STRIP = NO;
				DEBUG_INFORMATION_FORMAT = "dwarf-with-dsym";
				ENABLE_NS_ASSERTIONS = NO;
				ENABLE_STRICT_OBJC_MSGSEND = YES;
				GCC_C_LANGUAGE_STANDARD = gnu99;
				GCC_NO_COMMON_BLOCKS = YES;
				GCC_WARN_64_TO_32_BIT_CONVERSION = YES;
				GCC_WARN_ABOUT_RETURN_TYPE = YES_ERROR;
				GCC_WARN_UNDECLARED_SELECTOR = YES;
				GCC_WARN_UNINITIALIZED_AUTOS = YES_AGGRESSIVE;
				GCC_WARN_UNUSED_FUNCTION = YES;
				GCC_WARN_UNUSED_VARIABLE = YES;
				IPHONEOS_DEPLOYMENT_TARGET = 9.3;
				MTL_ENABLE_DEBUG_INFO = NO;
				SDKROOT = iphoneos;
				VALIDATE_PRODUCT = YES;
			};
			name = Release;
		};
		D23EE4171CDF56B100D6143D /* Debug */ = {
			isa = XCBuildConfiguration;
			buildSettings = {
				ASSETCATALOG_COMPILER_APPICON_NAME = AppIcon;
				CODE_SIGN_IDENTITY = "iPhone Developer";
				FRAMEWORK_SEARCH_PATHS = (
					"$(inherited)",
					"$(PROJECT_DIR)/Carthage/Build/iOS",
				);
				INFOPLIST_FILE = CodeReader/Info.plist;
				IPHONEOS_DEPLOYMENT_TARGET = 9.0;
				LD_RUNPATH_SEARCH_PATHS = "$(inherited) @executable_path/Frameworks";
				PRODUCT_BUNDLE_IDENTIFIER = com.mad.CodeReader;
				PRODUCT_NAME = "$(TARGET_NAME)";
				TARGETED_DEVICE_FAMILY = "1,2";
			};
			name = Debug;
		};
		D23EE4181CDF56B100D6143D /* Release */ = {
			isa = XCBuildConfiguration;
			buildSettings = {
				ASSETCATALOG_COMPILER_APPICON_NAME = AppIcon;
				CODE_SIGN_IDENTITY = "iPhone Developer";
				FRAMEWORK_SEARCH_PATHS = (
					"$(inherited)",
					"$(PROJECT_DIR)/Carthage/Build/iOS",
				);
				INFOPLIST_FILE = CodeReader/Info.plist;
				IPHONEOS_DEPLOYMENT_TARGET = 9.0;
				LD_RUNPATH_SEARCH_PATHS = "$(inherited) @executable_path/Frameworks";
				PRODUCT_BUNDLE_IDENTIFIER = com.mad.CodeReader;
				PRODUCT_NAME = "$(TARGET_NAME)";
				TARGETED_DEVICE_FAMILY = "1,2";
			};
			name = Release;
		};
/* End XCBuildConfiguration section */

/* Begin XCConfigurationList section */
		D23EE3FF1CDF56B100D6143D /* Build configuration list for PBXProject "CodeReader" */ = {
			isa = XCConfigurationList;
			buildConfigurations = (
				D23EE4141CDF56B100D6143D /* Debug */,
				D23EE4151CDF56B100D6143D /* Release */,
			);
			defaultConfigurationIsVisible = 0;
			defaultConfigurationName = Release;
		};
		D23EE4161CDF56B100D6143D /* Build configuration list for PBXNativeTarget "CodeReader" */ = {
			isa = XCConfigurationList;
			buildConfigurations = (
				D23EE4171CDF56B100D6143D /* Debug */,
				D23EE4181CDF56B100D6143D /* Release */,
			);
			defaultConfigurationIsVisible = 0;
			defaultConfigurationName = Release;
		};
/* End XCConfigurationList section */
	};
	rootObject = D23EE3FC1CDF56B100D6143D /* Project object */;
}
