// !$*UTF8*$!
{
	archiveVersion = 1;
	classes = {
	};
	objectVersion = 46;
	objects = {

/* Begin PBXBuildFile section */
		D20483CB1D9A18E900A33CD5 /* BaseViewController.swift in Sources */ = {isa = PBXBuildFile; fileRef = D20483CA1D9A18E900A33CD5 /* BaseViewController.swift */; };
		D20A10DD1CF8245A00244357 /* FileCell.xib in Resources */ = {isa = PBXBuildFile; fileRef = D20A10DB1CF8245A00244357 /* FileCell.xib */; };
		D20A10E31CFD413600244357 /* highlight.pack.js in Resources */ = {isa = PBXBuildFile; fileRef = D20A10E21CFD413600244357 /* highlight.pack.js */; };
		D20A11301CFD417C00244357 /* agate.css in Resources */ = {isa = PBXBuildFile; fileRef = D20A10E41CFD417C00244357 /* agate.css */; };
		D20A11311CFD417C00244357 /* androidstudio.css in Resources */ = {isa = PBXBuildFile; fileRef = D20A10E51CFD417C00244357 /* androidstudio.css */; };
		D20A11321CFD417C00244357 /* arduino-light.css in Resources */ = {isa = PBXBuildFile; fileRef = D20A10E61CFD417C00244357 /* arduino-light.css */; };
		D20A11331CFD417C00244357 /* arta.css in Resources */ = {isa = PBXBuildFile; fileRef = D20A10E71CFD417C00244357 /* arta.css */; };
		D20A11341CFD417C00244357 /* ascetic.css in Resources */ = {isa = PBXBuildFile; fileRef = D20A10E81CFD417C00244357 /* ascetic.css */; };
		D20A11351CFD417C00244357 /* atelier-cave-dark.css in Resources */ = {isa = PBXBuildFile; fileRef = D20A10E91CFD417C00244357 /* atelier-cave-dark.css */; };
		D20A11361CFD417C00244357 /* atelier-cave-light.css in Resources */ = {isa = PBXBuildFile; fileRef = D20A10EA1CFD417C00244357 /* atelier-cave-light.css */; };
		D20A11371CFD417C00244357 /* atelier-dune-dark.css in Resources */ = {isa = PBXBuildFile; fileRef = D20A10EB1CFD417C00244357 /* atelier-dune-dark.css */; };
		D20A11381CFD417C00244357 /* atelier-dune-light.css in Resources */ = {isa = PBXBuildFile; fileRef = D20A10EC1CFD417C00244357 /* atelier-dune-light.css */; };
		D20A11391CFD417C00244357 /* atelier-estuary-dark.css in Resources */ = {isa = PBXBuildFile; fileRef = D20A10ED1CFD417C00244357 /* atelier-estuary-dark.css */; };
		D20A113A1CFD417C00244357 /* atelier-estuary-light.css in Resources */ = {isa = PBXBuildFile; fileRef = D20A10EE1CFD417C00244357 /* atelier-estuary-light.css */; };
		D20A113B1CFD417C00244357 /* atelier-forest-dark.css in Resources */ = {isa = PBXBuildFile; fileRef = D20A10EF1CFD417C00244357 /* atelier-forest-dark.css */; };
		D20A113C1CFD417C00244357 /* atelier-forest-light.css in Resources */ = {isa = PBXBuildFile; fileRef = D20A10F01CFD417C00244357 /* atelier-forest-light.css */; };
		D20A113D1CFD417C00244357 /* atelier-heath-dark.css in Resources */ = {isa = PBXBuildFile; fileRef = D20A10F11CFD417C00244357 /* atelier-heath-dark.css */; };
		D20A113E1CFD417C00244357 /* atelier-heath-light.css in Resources */ = {isa = PBXBuildFile; fileRef = D20A10F21CFD417C00244357 /* atelier-heath-light.css */; };
		D20A113F1CFD417C00244357 /* atelier-lakeside-dark.css in Resources */ = {isa = PBXBuildFile; fileRef = D20A10F31CFD417C00244357 /* atelier-lakeside-dark.css */; };
		D20A11401CFD417C00244357 /* atelier-lakeside-light.css in Resources */ = {isa = PBXBuildFile; fileRef = D20A10F41CFD417C00244357 /* atelier-lakeside-light.css */; };
		D20A11411CFD417C00244357 /* atelier-plateau-dark.css in Resources */ = {isa = PBXBuildFile; fileRef = D20A10F51CFD417C00244357 /* atelier-plateau-dark.css */; };
		D20A11421CFD417C00244357 /* atelier-plateau-light.css in Resources */ = {isa = PBXBuildFile; fileRef = D20A10F61CFD417C00244357 /* atelier-plateau-light.css */; };
		D20A11431CFD417C00244357 /* atelier-savanna-dark.css in Resources */ = {isa = PBXBuildFile; fileRef = D20A10F71CFD417C00244357 /* atelier-savanna-dark.css */; };
		D20A11441CFD417C00244357 /* atelier-savanna-light.css in Resources */ = {isa = PBXBuildFile; fileRef = D20A10F81CFD417C00244357 /* atelier-savanna-light.css */; };
		D20A11451CFD417C00244357 /* atelier-seaside-dark.css in Resources */ = {isa = PBXBuildFile; fileRef = D20A10F91CFD417C00244357 /* atelier-seaside-dark.css */; };
		D20A11461CFD417C00244357 /* atelier-seaside-light.css in Resources */ = {isa = PBXBuildFile; fileRef = D20A10FA1CFD417C00244357 /* atelier-seaside-light.css */; };
		D20A11471CFD417C00244357 /* atelier-sulphurpool-dark.css in Resources */ = {isa = PBXBuildFile; fileRef = D20A10FB1CFD417C00244357 /* atelier-sulphurpool-dark.css */; };
		D20A11481CFD417C00244357 /* atelier-sulphurpool-light.css in Resources */ = {isa = PBXBuildFile; fileRef = D20A10FC1CFD417C00244357 /* atelier-sulphurpool-light.css */; };
		D20A11491CFD417C00244357 /* brown-paper.css in Resources */ = {isa = PBXBuildFile; fileRef = D20A10FD1CFD417C00244357 /* brown-paper.css */; };
		D20A114A1CFD417C00244357 /* brown-papersq.png in Resources */ = {isa = PBXBuildFile; fileRef = D20A10FE1CFD417C00244357 /* brown-papersq.png */; };
		D20A114B1CFD417C00244357 /* codepen-embed.css in Resources */ = {isa = PBXBuildFile; fileRef = D20A10FF1CFD417C00244357 /* codepen-embed.css */; };
		D20A114C1CFD417C00244357 /* color-brewer.css in Resources */ = {isa = PBXBuildFile; fileRef = D20A11001CFD417C00244357 /* color-brewer.css */; };
		D20A114D1CFD417C00244357 /* dark.css in Resources */ = {isa = PBXBuildFile; fileRef = D20A11011CFD417C00244357 /* dark.css */; };
		D20A114E1CFD417C00244357 /* darkula.css in Resources */ = {isa = PBXBuildFile; fileRef = D20A11021CFD417C00244357 /* darkula.css */; };
		D20A114F1CFD417C00244357 /* default.css in Resources */ = {isa = PBXBuildFile; fileRef = D20A11031CFD417C00244357 /* default.css */; };
		D20A11501CFD417C00244357 /* docco.css in Resources */ = {isa = PBXBuildFile; fileRef = D20A11041CFD417C00244357 /* docco.css */; };
		D20A11511CFD417C00244357 /* dracula.css in Resources */ = {isa = PBXBuildFile; fileRef = D20A11051CFD417C00244357 /* dracula.css */; };
		D20A11521CFD417C00244357 /* far.css in Resources */ = {isa = PBXBuildFile; fileRef = D20A11061CFD417C00244357 /* far.css */; };
		D20A11531CFD417C00244357 /* foundation.css in Resources */ = {isa = PBXBuildFile; fileRef = D20A11071CFD417C00244357 /* foundation.css */; };
		D20A11541CFD417C00244357 /* github-gist.css in Resources */ = {isa = PBXBuildFile; fileRef = D20A11081CFD417C00244357 /* github-gist.css */; };
		D20A11551CFD417C00244357 /* github.css in Resources */ = {isa = PBXBuildFile; fileRef = D20A11091CFD417C00244357 /* github.css */; };
		D20A11561CFD417C00244357 /* googlecode.css in Resources */ = {isa = PBXBuildFile; fileRef = D20A110A1CFD417C00244357 /* googlecode.css */; };
		D20A11571CFD417C00244357 /* grayscale.css in Resources */ = {isa = PBXBuildFile; fileRef = D20A110B1CFD417C00244357 /* grayscale.css */; };
		D20A11581CFD417C00244357 /* gruvbox-dark.css in Resources */ = {isa = PBXBuildFile; fileRef = D20A110C1CFD417C00244357 /* gruvbox-dark.css */; };
		D20A11591CFD417C00244357 /* gruvbox-light.css in Resources */ = {isa = PBXBuildFile; fileRef = D20A110D1CFD417C00244357 /* gruvbox-light.css */; };
		D20A115A1CFD417C00244357 /* hopscotch.css in Resources */ = {isa = PBXBuildFile; fileRef = D20A110E1CFD417C00244357 /* hopscotch.css */; };
		D20A115B1CFD417C00244357 /* hybrid.css in Resources */ = {isa = PBXBuildFile; fileRef = D20A110F1CFD417C00244357 /* hybrid.css */; };
		D20A115C1CFD417C00244357 /* idea.css in Resources */ = {isa = PBXBuildFile; fileRef = D20A11101CFD417C00244357 /* idea.css */; };
		D20A115D1CFD417C00244357 /* ir-black.css in Resources */ = {isa = PBXBuildFile; fileRef = D20A11111CFD417C00244357 /* ir-black.css */; };
		D20A115E1CFD417C00244357 /* kimbie.dark.css in Resources */ = {isa = PBXBuildFile; fileRef = D20A11121CFD417C00244357 /* kimbie.dark.css */; };
		D20A115F1CFD417C00244357 /* kimbie.light.css in Resources */ = {isa = PBXBuildFile; fileRef = D20A11131CFD417C00244357 /* kimbie.light.css */; };
		D20A11601CFD417C00244357 /* magula.css in Resources */ = {isa = PBXBuildFile; fileRef = D20A11141CFD417C00244357 /* magula.css */; };
		D20A11611CFD417C00244357 /* mono-blue.css in Resources */ = {isa = PBXBuildFile; fileRef = D20A11151CFD417C00244357 /* mono-blue.css */; };
		D20A11621CFD417C00244357 /* monokai-sublime.css in Resources */ = {isa = PBXBuildFile; fileRef = D20A11161CFD417C00244357 /* monokai-sublime.css */; };
		D20A11631CFD417C00244357 /* monokai.css in Resources */ = {isa = PBXBuildFile; fileRef = D20A11171CFD417C00244357 /* monokai.css */; };
		D20A11641CFD417C00244357 /* obsidian.css in Resources */ = {isa = PBXBuildFile; fileRef = D20A11181CFD417C00244357 /* obsidian.css */; };
		D20A11651CFD417C00244357 /* paraiso-dark.css in Resources */ = {isa = PBXBuildFile; fileRef = D20A11191CFD417C00244357 /* paraiso-dark.css */; };
		D20A11661CFD417C00244357 /* paraiso-light.css in Resources */ = {isa = PBXBuildFile; fileRef = D20A111A1CFD417C00244357 /* paraiso-light.css */; };
		D20A11671CFD417C00244357 /* pojoaque.css in Resources */ = {isa = PBXBuildFile; fileRef = D20A111B1CFD417C00244357 /* pojoaque.css */; };
		D20A11681CFD417C00244357 /* pojoaque.jpg in Resources */ = {isa = PBXBuildFile; fileRef = D20A111C1CFD417C00244357 /* pojoaque.jpg */; };
		D20A11691CFD417C00244357 /* purebasic.css in Resources */ = {isa = PBXBuildFile; fileRef = D20A111D1CFD417C00244357 /* purebasic.css */; };
		D20A116A1CFD417C00244357 /* qtcreator_dark.css in Resources */ = {isa = PBXBuildFile; fileRef = D20A111E1CFD417C00244357 /* qtcreator_dark.css */; };
		D20A116B1CFD417C00244357 /* qtcreator_light.css in Resources */ = {isa = PBXBuildFile; fileRef = D20A111F1CFD417C00244357 /* qtcreator_light.css */; };
		D20A116C1CFD417C00244357 /* railscasts.css in Resources */ = {isa = PBXBuildFile; fileRef = D20A11201CFD417C00244357 /* railscasts.css */; };
		D20A116D1CFD417C00244357 /* rainbow.css in Resources */ = {isa = PBXBuildFile; fileRef = D20A11211CFD417C00244357 /* rainbow.css */; };
		D20A116E1CFD417C00244357 /* school-book.css in Resources */ = {isa = PBXBuildFile; fileRef = D20A11221CFD417C00244357 /* school-book.css */; };
		D20A116F1CFD417C00244357 /* school-book.png in Resources */ = {isa = PBXBuildFile; fileRef = D20A11231CFD417C00244357 /* school-book.png */; };
		D20A11701CFD417C00244357 /* solarized-dark.css in Resources */ = {isa = PBXBuildFile; fileRef = D20A11241CFD417C00244357 /* solarized-dark.css */; };
		D20A11711CFD417C00244357 /* solarized-light.css in Resources */ = {isa = PBXBuildFile; fileRef = D20A11251CFD417C00244357 /* solarized-light.css */; };
		D20A11721CFD417C00244357 /* sunburst.css in Resources */ = {isa = PBXBuildFile; fileRef = D20A11261CFD417C00244357 /* sunburst.css */; };
		D20A11731CFD417C00244357 /* tomorrow-night-blue.css in Resources */ = {isa = PBXBuildFile; fileRef = D20A11271CFD417C00244357 /* tomorrow-night-blue.css */; };
		D20A11741CFD417C00244357 /* tomorrow-night-bright.css in Resources */ = {isa = PBXBuildFile; fileRef = D20A11281CFD417C00244357 /* tomorrow-night-bright.css */; };
		D20A11751CFD417C00244357 /* tomorrow-night-eighties.css in Resources */ = {isa = PBXBuildFile; fileRef = D20A11291CFD417C00244357 /* tomorrow-night-eighties.css */; };
		D20A11761CFD417C00244357 /* tomorrow-night.css in Resources */ = {isa = PBXBuildFile; fileRef = D20A112A1CFD417C00244357 /* tomorrow-night.css */; };
		D20A11771CFD417C00244357 /* tomorrow.css in Resources */ = {isa = PBXBuildFile; fileRef = D20A112B1CFD417C00244357 /* tomorrow.css */; };
		D20A11781CFD417C00244357 /* vs.css in Resources */ = {isa = PBXBuildFile; fileRef = D20A112C1CFD417C00244357 /* vs.css */; };
		D20A11791CFD417C00244357 /* xcode.css in Resources */ = {isa = PBXBuildFile; fileRef = D20A112D1CFD417C00244357 /* xcode.css */; };
		D20A117A1CFD417C00244357 /* xt256.css in Resources */ = {isa = PBXBuildFile; fileRef = D20A112E1CFD417C00244357 /* xt256.css */; };
		D20A117B1CFD417C00244357 /* zenburn.css in Resources */ = {isa = PBXBuildFile; fileRef = D20A112F1CFD417C00244357 /* zenburn.css */; };
		D20A117E1CFD41C000244357 /* template.html in Resources */ = {isa = PBXBuildFile; fileRef = D20A117D1CFD41C000244357 /* template.html */; };
		D20A11821CFDF1AD00244357 /* github-markdown.css in Resources */ = {isa = PBXBuildFile; fileRef = D20A11811CFDF1AD00244357 /* github-markdown.css */; };
		D20A11841CFDF31500244357 /* readme.html in Resources */ = {isa = PBXBuildFile; fileRef = D20A11831CFDF31500244357 /* readme.html */; };
		D2204DC61DB5E87400F44A6E /* RxDataSources.framework in Frameworks */ = {isa = PBXBuildFile; fileRef = D2204DC51DB5E87400F44A6E /* RxDataSources.framework */; };
		D2204DC71DB5E87400F44A6E /* RxDataSources.framework in Embed Frameworks */ = {isa = PBXBuildFile; fileRef = D2204DC51DB5E87400F44A6E /* RxDataSources.framework */; settings = {ATTRIBUTES = (CodeSignOnCopy, RemoveHeadersOnCopy, ); }; };
		D2204DC91DB7624100F44A6E /* CommitFileListViewController.swift in Sources */ = {isa = PBXBuildFile; fileRef = D2204DC81DB7624100F44A6E /* CommitFileListViewController.swift */; };
		D2204DCB1DB794D300F44A6E /* CommitFileCell.swift in Sources */ = {isa = PBXBuildFile; fileRef = D2204DCA1DB794D300F44A6E /* CommitFileCell.swift */; };
		D2204DCD1DB9137400F44A6E /* InsetsLabel.swift in Sources */ = {isa = PBXBuildFile; fileRef = D2204DCC1DB9137400F44A6E /* InsetsLabel.swift */; };
		D2204DD51DBB9A4700F44A6E /* SourcesTests.swift in Sources */ = {isa = PBXBuildFile; fileRef = D2204DD41DBB9A4700F44A6E /* SourcesTests.swift */; };
		D23EE4081CDF56B100D6143D /* AppDelegate.swift in Sources */ = {isa = PBXBuildFile; fileRef = D23EE4071CDF56B100D6143D /* AppDelegate.swift */; };
		D23EE40D1CDF56B100D6143D /* Main.storyboard in Resources */ = {isa = PBXBuildFile; fileRef = D23EE40B1CDF56B100D6143D /* Main.storyboard */; };
		D23EE40F1CDF56B100D6143D /* Assets.xcassets in Resources */ = {isa = PBXBuildFile; fileRef = D23EE40E1CDF56B100D6143D /* Assets.xcassets */; };
		D23EE4121CDF56B100D6143D /* LaunchScreen.storyboard in Resources */ = {isa = PBXBuildFile; fileRef = D23EE4101CDF56B100D6143D /* LaunchScreen.storyboard */; };
		D23EE41F1CE0C1DB00D6143D /* Alamofire.framework in Frameworks */ = {isa = PBXBuildFile; fileRef = D23EE41E1CE0C1DB00D6143D /* Alamofire.framework */; };
		D23EE4201CE0C1DB00D6143D /* Alamofire.framework in Embed Frameworks */ = {isa = PBXBuildFile; fileRef = D23EE41E1CE0C1DB00D6143D /* Alamofire.framework */; settings = {ATTRIBUTES = (CodeSignOnCopy, RemoveHeadersOnCopy, ); }; };
		D23EE4221CE1C0E300D6143D /* ObjectMapper.framework in Frameworks */ = {isa = PBXBuildFile; fileRef = D23EE4211CE1C0E300D6143D /* ObjectMapper.framework */; };
		D23EE4231CE1C0E300D6143D /* ObjectMapper.framework in Embed Frameworks */ = {isa = PBXBuildFile; fileRef = D23EE4211CE1C0E300D6143D /* ObjectMapper.framework */; settings = {ATTRIBUTES = (CodeSignOnCopy, RemoveHeadersOnCopy, ); }; };
		D23EE4261CE1C1A300D6143D /* Repo.swift in Sources */ = {isa = PBXBuildFile; fileRef = D23EE4251CE1C1A300D6143D /* Repo.swift */; };
		D23EE42E1CE1CC7600D6143D /* SearchViewController.swift in Sources */ = {isa = PBXBuildFile; fileRef = D23EE42D1CE1CC7600D6143D /* SearchViewController.swift */; };
		D23EE4301CE1D6DE00D6143D /* SearchRepoResponse.swift in Sources */ = {isa = PBXBuildFile; fileRef = D23EE42F1CE1D6DE00D6143D /* SearchRepoResponse.swift */; };
		D23EE4331CE2266300D6143D /* SearchRepoCell.swift in Sources */ = {isa = PBXBuildFile; fileRef = D23EE4311CE2266300D6143D /* SearchRepoCell.swift */; };
		D23EE4341CE2266300D6143D /* SearchRepoCell.xib in Resources */ = {isa = PBXBuildFile; fileRef = D23EE4321CE2266300D6143D /* SearchRepoCell.xib */; };
		D23EE4361CE2387C00D6143D /* Kingfisher.framework in Frameworks */ = {isa = PBXBuildFile; fileRef = D23EE4351CE2387C00D6143D /* Kingfisher.framework */; };
		D23EE4371CE2387C00D6143D /* Kingfisher.framework in Embed Frameworks */ = {isa = PBXBuildFile; fileRef = D23EE4351CE2387C00D6143D /* Kingfisher.framework */; settings = {ATTRIBUTES = (CodeSignOnCopy, RemoveHeadersOnCopy, ); }; };
		D23EE43A1CE3653E00D6143D /* Extensions.swift in Sources */ = {isa = PBXBuildFile; fileRef = D23EE4391CE3653E00D6143D /* Extensions.swift */; };
		D263B3B41D8653F90050CB27 /* BranchCell.xib in Resources */ = {isa = PBXBuildFile; fileRef = D263B3B21D8653F90050CB27 /* BranchCell.xib */; };
		D26CA5A51D1C31A20073FB53 /* RecentFileCell.xib in Resources */ = {isa = PBXBuildFile; fileRef = D26CA5A31D1C31A20073FB53 /* RecentFileCell.xib */; };
		D278915D1D7C7AB700FC5191 /* SwiftDate.framework in Frameworks */ = {isa = PBXBuildFile; fileRef = D278915C1D7C7AB700FC5191 /* SwiftDate.framework */; };
		D278915E1D7C7AB700FC5191 /* SwiftDate.framework in Embed Frameworks */ = {isa = PBXBuildFile; fileRef = D278915C1D7C7AB700FC5191 /* SwiftDate.framework */; settings = {ATTRIBUTES = (CodeSignOnCopy, RemoveHeadersOnCopy, ); }; };
		D27891601D7D55A900FC5191 /* SwiftyBeaver.framework in Frameworks */ = {isa = PBXBuildFile; fileRef = D278915F1D7D55A900FC5191 /* SwiftyBeaver.framework */; };
		D27891611D7D55A900FC5191 /* SwiftyBeaver.framework in Embed Frameworks */ = {isa = PBXBuildFile; fileRef = D278915F1D7D55A900FC5191 /* SwiftyBeaver.framework */; settings = {ATTRIBUTES = (CodeSignOnCopy, RemoveHeadersOnCopy, ); }; };
		D27FECAB1D1E3ABF00E3D366 /* Fabric.framework in Frameworks */ = {isa = PBXBuildFile; fileRef = D27FECA91D1E3ABF00E3D366 /* Fabric.framework */; };
		D27FECAC1D1E3ABF00E3D366 /* Crashlytics.framework in Frameworks */ = {isa = PBXBuildFile; fileRef = D27FECAA1D1E3ABF00E3D366 /* Crashlytics.framework */; };
		D29202DB1D1311F9002F1FE7 /* AboutViewController.swift in Sources */ = {isa = PBXBuildFile; fileRef = D29202DA1D1311F9002F1FE7 /* AboutViewController.swift */; };
		D29202DD1D15B78E002F1FE7 /* StoreKit.framework in Frameworks */ = {isa = PBXBuildFile; fileRef = D29202DC1D15B78E002F1FE7 /* StoreKit.framework */; };
		D294434A1D0BE80F00D4AA2C /* ThemeCell.xib in Resources */ = {isa = PBXBuildFile; fileRef = D29443481D0BE80F00D4AA2C /* ThemeCell.xib */; };
		D29443521D0BEC4E00D4AA2C /* SearchRepoViewModel.swift in Sources */ = {isa = PBXBuildFile; fileRef = D294434F1D0BEC4E00D4AA2C /* SearchRepoViewModel.swift */; };
		D29443551D0BFC6D00D4AA2C /* HEXColor.framework in Frameworks */ = {isa = PBXBuildFile; fileRef = D29443541D0BFC6D00D4AA2C /* HEXColor.framework */; };
		D29443561D0BFC6D00D4AA2C /* HEXColor.framework in Embed Frameworks */ = {isa = PBXBuildFile; fileRef = D29443541D0BFC6D00D4AA2C /* HEXColor.framework */; settings = {ATTRIBUTES = (CodeSignOnCopy, RemoveHeadersOnCopy, ); }; };
		D2C60FEF1DA88A4900D27446 /* RepoViewController.swift in Sources */ = {isa = PBXBuildFile; fileRef = D23EE43B1CE479B700D6143D /* RepoViewController.swift */; };
		D2C60FF01DA88A4900D27446 /* RepoViewModel.swift in Sources */ = {isa = PBXBuildFile; fileRef = D294434E1D0BEC4E00D4AA2C /* RepoViewModel.swift */; };
		D2C60FF11DA88F3B00D27446 /* RecentsManager.swift in Sources */ = {isa = PBXBuildFile; fileRef = D26CA59C1D1B31AD0073FB53 /* RecentsManager.swift */; };
		D2C60FF21DA88F3B00D27446 /* Recent.swift in Sources */ = {isa = PBXBuildFile; fileRef = D26CA59E1D1B33A10073FB53 /* Recent.swift */; };
		D2C60FF31DA88F6B00D27446 /* RepoFile.swift in Sources */ = {isa = PBXBuildFile; fileRef = D20A10DE1CF8278900244357 /* RepoFile.swift */; };
		D2C60FF41DA88F7400D27446 /* IAPHelper.swift in Sources */ = {isa = PBXBuildFile; fileRef = D26CA5981D17C0E70073FB53 /* IAPHelper.swift */; };
		D2C60FF51DA88F7400D27446 /* DonationProduct.swift in Sources */ = {isa = PBXBuildFile; fileRef = D26CA59A1D17C49A0073FB53 /* DonationProduct.swift */; };
		D2C60FF81DACB99F00D27446 /* FileListViewController.swift in Sources */ = {isa = PBXBuildFile; fileRef = D20A10D81CF823F600244357 /* FileListViewController.swift */; };
		D2C60FF91DACB99F00D27446 /* FileCell.swift in Sources */ = {isa = PBXBuildFile; fileRef = D20A10DA1CF8245A00244357 /* FileCell.swift */; };
		D2C60FFA1DACB99F00D27446 /* FileCell.xib in Sources */ = {isa = PBXBuildFile; fileRef = D20A10DB1CF8245A00244357 /* FileCell.xib */; };
		D2C60FFB1DACBA8200D27446 /* Theme.swift in Sources */ = {isa = PBXBuildFile; fileRef = D29443431D0BE2FD00D4AA2C /* Theme.swift */; };
		D2C60FFC1DACBA8200D27446 /* CommitItem.swift in Sources */ = {isa = PBXBuildFile; fileRef = D2CE2E031D787E8A00AAAF8A /* CommitItem.swift */; };
		D2C60FFD1DACBA8200D27446 /* Commit.swift in Sources */ = {isa = PBXBuildFile; fileRef = D2CE2E051D788C2A00AAAF8A /* Commit.swift */; };
		D2C60FFE1DACBA8200D27446 /* Branch.swift in Sources */ = {isa = PBXBuildFile; fileRef = D27891641D7DB30000FC5191 /* Branch.swift */; };
		D2C60FFF1DACBA8C00D27446 /* ThemeFactory.swift in Sources */ = {isa = PBXBuildFile; fileRef = D294434B1D0BEC2F00D4AA2C /* ThemeFactory.swift */; };
		D2C610001DACBAB400D27446 /* SearchRepoCell.xib in Sources */ = {isa = PBXBuildFile; fileRef = D23EE4321CE2266300D6143D /* SearchRepoCell.xib */; };
		D2C610011DACBAB400D27446 /* CodeViewController.swift in Sources */ = {isa = PBXBuildFile; fileRef = D20A117F1CFD427A00244357 /* CodeViewController.swift */; };
		D2C610021DACBAB400D27446 /* ThemeCell.swift in Sources */ = {isa = PBXBuildFile; fileRef = D29443471D0BE80F00D4AA2C /* ThemeCell.swift */; };
		D2C610031DACBAB400D27446 /* ThemeCell.xib in Sources */ = {isa = PBXBuildFile; fileRef = D29443481D0BE80F00D4AA2C /* ThemeCell.xib */; };
		D2C610041DACBAB400D27446 /* ThemeListViewController.swift in Sources */ = {isa = PBXBuildFile; fileRef = D28D50781D0C07E300779D30 /* ThemeListViewController.swift */; };
		D2C610051DACBAB400D27446 /* HistoryViewController.swift in Sources */ = {isa = PBXBuildFile; fileRef = D26CA5A01D1C20110073FB53 /* HistoryViewController.swift */; };
		D2C610061DACBAB400D27446 /* RecentFileCell.swift in Sources */ = {isa = PBXBuildFile; fileRef = D26CA5A21D1C31A20073FB53 /* RecentFileCell.swift */; };
		D2C610071DACBAB400D27446 /* RecentFileCell.xib in Sources */ = {isa = PBXBuildFile; fileRef = D26CA5A31D1C31A20073FB53 /* RecentFileCell.xib */; };
		D2C610081DACBAB400D27446 /* CommitCell.swift in Sources */ = {isa = PBXBuildFile; fileRef = D2CE2E0B1D79E7A500AAAF8A /* CommitCell.swift */; };
		D2C610091DACBAB400D27446 /* CommitCell.xib in Sources */ = {isa = PBXBuildFile; fileRef = D2CE2E0C1D79E7A500AAAF8A /* CommitCell.xib */; };
		D2C6100A1DACBAB400D27446 /* CommitListViewController.swift in Sources */ = {isa = PBXBuildFile; fileRef = D278915A1D7B2B2100FC5191 /* CommitListViewController.swift */; };
		D2C6100B1DACBAB400D27446 /* BranchListViewController.swift in Sources */ = {isa = PBXBuildFile; fileRef = D27891681D7F048300FC5191 /* BranchListViewController.swift */; };
		D2C6100C1DACBAB400D27446 /* BranchCell.swift in Sources */ = {isa = PBXBuildFile; fileRef = D263B3B11D8653F90050CB27 /* BranchCell.swift */; };
		D2C6100D1DACBAB400D27446 /* BranchCell.xib in Sources */ = {isa = PBXBuildFile; fileRef = D263B3B21D8653F90050CB27 /* BranchCell.xib */; };
		D2C6100E1DACBAC400D27446 /* ThemeViewModel.swift in Sources */ = {isa = PBXBuildFile; fileRef = D29443501D0BEC4E00D4AA2C /* ThemeViewModel.swift */; };
		D2C6100F1DACBAC400D27446 /* CommitListViewModel.swift in Sources */ = {isa = PBXBuildFile; fileRef = D27891621D7D5BCB00FC5191 /* CommitListViewModel.swift */; };
		D2C610101DACBAC400D27446 /* BranchListViewModel.swift in Sources */ = {isa = PBXBuildFile; fileRef = D27891661D7EBD4900FC5191 /* BranchListViewModel.swift */; };
		D2C610121DAE58CA00D27446 /* EZLoadingActivity.framework in Frameworks */ = {isa = PBXBuildFile; fileRef = D2C610111DAE58CA00D27446 /* EZLoadingActivity.framework */; };
		D2C610131DAE58CA00D27446 /* EZLoadingActivity.framework in Embed Frameworks */ = {isa = PBXBuildFile; fileRef = D2C610111DAE58CA00D27446 /* EZLoadingActivity.framework */; settings = {ATTRIBUTES = (CodeSignOnCopy, RemoveHeadersOnCopy, ); }; };
		D2C610161DB4E86100D27446 /* BaseTableViewController.swift in Sources */ = {isa = PBXBuildFile; fileRef = D2C610151DB4E86100D27446 /* BaseTableViewController.swift */; };
		D2CE2E0A1D79C3E500AAAF8A /* User.swift in Sources */ = {isa = PBXBuildFile; fileRef = D2CE2E091D79C3E500AAAF8A /* User.swift */; };
		D2CE2E0E1D79E7A500AAAF8A /* CommitCell.xib in Resources */ = {isa = PBXBuildFile; fileRef = D2CE2E0C1D79E7A500AAAF8A /* CommitCell.xib */; };
		D2DC098C1D964A1E00AF3EE7 /* RxSwift.framework in Frameworks */ = {isa = PBXBuildFile; fileRef = D2DC098A1D964A1E00AF3EE7 /* RxSwift.framework */; };
		D2DC098D1D964A1E00AF3EE7 /* RxSwift.framework in Embed Frameworks */ = {isa = PBXBuildFile; fileRef = D2DC098A1D964A1E00AF3EE7 /* RxSwift.framework */; settings = {ATTRIBUTES = (CodeSignOnCopy, RemoveHeadersOnCopy, ); }; };
		D2DC098E1D964A1E00AF3EE7 /* RxCocoa.framework in Frameworks */ = {isa = PBXBuildFile; fileRef = D2DC098B1D964A1E00AF3EE7 /* RxCocoa.framework */; };
		D2DC098F1D964A1E00AF3EE7 /* RxCocoa.framework in Embed Frameworks */ = {isa = PBXBuildFile; fileRef = D2DC098B1D964A1E00AF3EE7 /* RxCocoa.framework */; settings = {ATTRIBUTES = (CodeSignOnCopy, RemoveHeadersOnCopy, ); }; };
/* End PBXBuildFile section */

/* Begin PBXContainerItemProxy section */
		D2204DD71DBB9A4700F44A6E /* PBXContainerItemProxy */ = {
			isa = PBXContainerItemProxy;
			containerPortal = D23EE3FC1CDF56B100D6143D /* Project object */;
			proxyType = 1;
			remoteGlobalIDString = D23EE4031CDF56B100D6143D;
			remoteInfo = CodeReader;
		};
/* End PBXContainerItemProxy section */

/* Begin PBXCopyFilesBuildPhase section */
		D23EE41C1CDF62A500D6143D /* Embed Frameworks */ = {
			isa = PBXCopyFilesBuildPhase;
			buildActionMask = 2147483647;
			dstPath = "";
			dstSubfolderSpec = 10;
			files = (
				D23EE4371CE2387C00D6143D /* Kingfisher.framework in Embed Frameworks */,
				D23EE4231CE1C0E300D6143D /* ObjectMapper.framework in Embed Frameworks */,
				D2DC098D1D964A1E00AF3EE7 /* RxSwift.framework in Embed Frameworks */,
				D27891611D7D55A900FC5191 /* SwiftyBeaver.framework in Embed Frameworks */,
				D2DC098F1D964A1E00AF3EE7 /* RxCocoa.framework in Embed Frameworks */,
				D2C610131DAE58CA00D27446 /* EZLoadingActivity.framework in Embed Frameworks */,
				D23EE4201CE0C1DB00D6143D /* Alamofire.framework in Embed Frameworks */,
				D2204DC71DB5E87400F44A6E /* RxDataSources.framework in Embed Frameworks */,
				D29443561D0BFC6D00D4AA2C /* HEXColor.framework in Embed Frameworks */,
				D278915E1D7C7AB700FC5191 /* SwiftDate.framework in Embed Frameworks */,
			);
			name = "Embed Frameworks";
			runOnlyForDeploymentPostprocessing = 0;
		};
/* End PBXCopyFilesBuildPhase section */

/* Begin PBXFileReference section */
		D20483CA1D9A18E900A33CD5 /* BaseViewController.swift */ = {isa = PBXFileReference; fileEncoding = 4; lastKnownFileType = sourcecode.swift; path = BaseViewController.swift; sourceTree = "<group>"; };
		D20A10D81CF823F600244357 /* FileListViewController.swift */ = {isa = PBXFileReference; fileEncoding = 4; lastKnownFileType = sourcecode.swift; path = FileListViewController.swift; sourceTree = "<group>"; };
		D20A10DA1CF8245A00244357 /* FileCell.swift */ = {isa = PBXFileReference; fileEncoding = 4; lastKnownFileType = sourcecode.swift; path = FileCell.swift; sourceTree = "<group>"; };
		D20A10DB1CF8245A00244357 /* FileCell.xib */ = {isa = PBXFileReference; fileEncoding = 4; lastKnownFileType = file.xib; path = FileCell.xib; sourceTree = "<group>"; };
		D20A10DE1CF8278900244357 /* RepoFile.swift */ = {isa = PBXFileReference; fileEncoding = 4; lastKnownFileType = sourcecode.swift; path = RepoFile.swift; sourceTree = "<group>"; };
		D20A10E21CFD413600244357 /* highlight.pack.js */ = {isa = PBXFileReference; fileEncoding = 4; lastKnownFileType = sourcecode.javascript; path = highlight.pack.js; sourceTree = "<group>"; };
		D20A10E41CFD417C00244357 /* agate.css */ = {isa = PBXFileReference; fileEncoding = 4; lastKnownFileType = text.css; path = agate.css; sourceTree = "<group>"; };
		D20A10E51CFD417C00244357 /* androidstudio.css */ = {isa = PBXFileReference; fileEncoding = 4; lastKnownFileType = text.css; path = androidstudio.css; sourceTree = "<group>"; };
		D20A10E61CFD417C00244357 /* arduino-light.css */ = {isa = PBXFileReference; fileEncoding = 4; lastKnownFileType = text.css; path = "arduino-light.css"; sourceTree = "<group>"; };
		D20A10E71CFD417C00244357 /* arta.css */ = {isa = PBXFileReference; fileEncoding = 4; lastKnownFileType = text.css; path = arta.css; sourceTree = "<group>"; };
		D20A10E81CFD417C00244357 /* ascetic.css */ = {isa = PBXFileReference; fileEncoding = 4; lastKnownFileType = text.css; path = ascetic.css; sourceTree = "<group>"; };
		D20A10E91CFD417C00244357 /* atelier-cave-dark.css */ = {isa = PBXFileReference; fileEncoding = 4; lastKnownFileType = text.css; path = "atelier-cave-dark.css"; sourceTree = "<group>"; };
		D20A10EA1CFD417C00244357 /* atelier-cave-light.css */ = {isa = PBXFileReference; fileEncoding = 4; lastKnownFileType = text.css; path = "atelier-cave-light.css"; sourceTree = "<group>"; };
		D20A10EB1CFD417C00244357 /* atelier-dune-dark.css */ = {isa = PBXFileReference; fileEncoding = 4; lastKnownFileType = text.css; path = "atelier-dune-dark.css"; sourceTree = "<group>"; };
		D20A10EC1CFD417C00244357 /* atelier-dune-light.css */ = {isa = PBXFileReference; fileEncoding = 4; lastKnownFileType = text.css; path = "atelier-dune-light.css"; sourceTree = "<group>"; };
		D20A10ED1CFD417C00244357 /* atelier-estuary-dark.css */ = {isa = PBXFileReference; fileEncoding = 4; lastKnownFileType = text.css; path = "atelier-estuary-dark.css"; sourceTree = "<group>"; };
		D20A10EE1CFD417C00244357 /* atelier-estuary-light.css */ = {isa = PBXFileReference; fileEncoding = 4; lastKnownFileType = text.css; path = "atelier-estuary-light.css"; sourceTree = "<group>"; };
		D20A10EF1CFD417C00244357 /* atelier-forest-dark.css */ = {isa = PBXFileReference; fileEncoding = 4; lastKnownFileType = text.css; path = "atelier-forest-dark.css"; sourceTree = "<group>"; };
		D20A10F01CFD417C00244357 /* atelier-forest-light.css */ = {isa = PBXFileReference; fileEncoding = 4; lastKnownFileType = text.css; path = "atelier-forest-light.css"; sourceTree = "<group>"; };
		D20A10F11CFD417C00244357 /* atelier-heath-dark.css */ = {isa = PBXFileReference; fileEncoding = 4; lastKnownFileType = text.css; path = "atelier-heath-dark.css"; sourceTree = "<group>"; };
		D20A10F21CFD417C00244357 /* atelier-heath-light.css */ = {isa = PBXFileReference; fileEncoding = 4; lastKnownFileType = text.css; path = "atelier-heath-light.css"; sourceTree = "<group>"; };
		D20A10F31CFD417C00244357 /* atelier-lakeside-dark.css */ = {isa = PBXFileReference; fileEncoding = 4; lastKnownFileType = text.css; path = "atelier-lakeside-dark.css"; sourceTree = "<group>"; };
		D20A10F41CFD417C00244357 /* atelier-lakeside-light.css */ = {isa = PBXFileReference; fileEncoding = 4; lastKnownFileType = text.css; path = "atelier-lakeside-light.css"; sourceTree = "<group>"; };
		D20A10F51CFD417C00244357 /* atelier-plateau-dark.css */ = {isa = PBXFileReference; fileEncoding = 4; lastKnownFileType = text.css; path = "atelier-plateau-dark.css"; sourceTree = "<group>"; };
		D20A10F61CFD417C00244357 /* atelier-plateau-light.css */ = {isa = PBXFileReference; fileEncoding = 4; lastKnownFileType = text.css; path = "atelier-plateau-light.css"; sourceTree = "<group>"; };
		D20A10F71CFD417C00244357 /* atelier-savanna-dark.css */ = {isa = PBXFileReference; fileEncoding = 4; lastKnownFileType = text.css; path = "atelier-savanna-dark.css"; sourceTree = "<group>"; };
		D20A10F81CFD417C00244357 /* atelier-savanna-light.css */ = {isa = PBXFileReference; fileEncoding = 4; lastKnownFileType = text.css; path = "atelier-savanna-light.css"; sourceTree = "<group>"; };
		D20A10F91CFD417C00244357 /* atelier-seaside-dark.css */ = {isa = PBXFileReference; fileEncoding = 4; lastKnownFileType = text.css; path = "atelier-seaside-dark.css"; sourceTree = "<group>"; };
		D20A10FA1CFD417C00244357 /* atelier-seaside-light.css */ = {isa = PBXFileReference; fileEncoding = 4; lastKnownFileType = text.css; path = "atelier-seaside-light.css"; sourceTree = "<group>"; };
		D20A10FB1CFD417C00244357 /* atelier-sulphurpool-dark.css */ = {isa = PBXFileReference; fileEncoding = 4; lastKnownFileType = text.css; path = "atelier-sulphurpool-dark.css"; sourceTree = "<group>"; };
		D20A10FC1CFD417C00244357 /* atelier-sulphurpool-light.css */ = {isa = PBXFileReference; fileEncoding = 4; lastKnownFileType = text.css; path = "atelier-sulphurpool-light.css"; sourceTree = "<group>"; };
		D20A10FD1CFD417C00244357 /* brown-paper.css */ = {isa = PBXFileReference; fileEncoding = 4; lastKnownFileType = text.css; path = "brown-paper.css"; sourceTree = "<group>"; };
		D20A10FE1CFD417C00244357 /* brown-papersq.png */ = {isa = PBXFileReference; lastKnownFileType = image.png; path = "brown-papersq.png"; sourceTree = "<group>"; };
		D20A10FF1CFD417C00244357 /* codepen-embed.css */ = {isa = PBXFileReference; fileEncoding = 4; lastKnownFileType = text.css; path = "codepen-embed.css"; sourceTree = "<group>"; };
		D20A11001CFD417C00244357 /* color-brewer.css */ = {isa = PBXFileReference; fileEncoding = 4; lastKnownFileType = text.css; path = "color-brewer.css"; sourceTree = "<group>"; };
		D20A11011CFD417C00244357 /* dark.css */ = {isa = PBXFileReference; fileEncoding = 4; lastKnownFileType = text.css; path = dark.css; sourceTree = "<group>"; };
		D20A11021CFD417C00244357 /* darkula.css */ = {isa = PBXFileReference; fileEncoding = 4; lastKnownFileType = text.css; path = darkula.css; sourceTree = "<group>"; };
		D20A11031CFD417C00244357 /* default.css */ = {isa = PBXFileReference; fileEncoding = 4; lastKnownFileType = text.css; path = default.css; sourceTree = "<group>"; };
		D20A11041CFD417C00244357 /* docco.css */ = {isa = PBXFileReference; fileEncoding = 4; lastKnownFileType = text.css; path = docco.css; sourceTree = "<group>"; };
		D20A11051CFD417C00244357 /* dracula.css */ = {isa = PBXFileReference; fileEncoding = 4; lastKnownFileType = text.css; path = dracula.css; sourceTree = "<group>"; };
		D20A11061CFD417C00244357 /* far.css */ = {isa = PBXFileReference; fileEncoding = 4; lastKnownFileType = text.css; path = far.css; sourceTree = "<group>"; };
		D20A11071CFD417C00244357 /* foundation.css */ = {isa = PBXFileReference; fileEncoding = 4; lastKnownFileType = text.css; path = foundation.css; sourceTree = "<group>"; };
		D20A11081CFD417C00244357 /* github-gist.css */ = {isa = PBXFileReference; fileEncoding = 4; lastKnownFileType = text.css; path = "github-gist.css"; sourceTree = "<group>"; };
		D20A11091CFD417C00244357 /* github.css */ = {isa = PBXFileReference; fileEncoding = 4; lastKnownFileType = text.css; path = github.css; sourceTree = "<group>"; };
		D20A110A1CFD417C00244357 /* googlecode.css */ = {isa = PBXFileReference; fileEncoding = 4; lastKnownFileType = text.css; path = googlecode.css; sourceTree = "<group>"; };
		D20A110B1CFD417C00244357 /* grayscale.css */ = {isa = PBXFileReference; fileEncoding = 4; lastKnownFileType = text.css; path = grayscale.css; sourceTree = "<group>"; };
		D20A110C1CFD417C00244357 /* gruvbox-dark.css */ = {isa = PBXFileReference; fileEncoding = 4; lastKnownFileType = text.css; path = "gruvbox-dark.css"; sourceTree = "<group>"; };
		D20A110D1CFD417C00244357 /* gruvbox-light.css */ = {isa = PBXFileReference; fileEncoding = 4; lastKnownFileType = text.css; path = "gruvbox-light.css"; sourceTree = "<group>"; };
		D20A110E1CFD417C00244357 /* hopscotch.css */ = {isa = PBXFileReference; fileEncoding = 4; lastKnownFileType = text.css; path = hopscotch.css; sourceTree = "<group>"; };
		D20A110F1CFD417C00244357 /* hybrid.css */ = {isa = PBXFileReference; fileEncoding = 4; lastKnownFileType = text.css; path = hybrid.css; sourceTree = "<group>"; };
		D20A11101CFD417C00244357 /* idea.css */ = {isa = PBXFileReference; fileEncoding = 4; lastKnownFileType = text.css; path = idea.css; sourceTree = "<group>"; };
		D20A11111CFD417C00244357 /* ir-black.css */ = {isa = PBXFileReference; fileEncoding = 4; lastKnownFileType = text.css; path = "ir-black.css"; sourceTree = "<group>"; };
		D20A11121CFD417C00244357 /* kimbie.dark.css */ = {isa = PBXFileReference; fileEncoding = 4; lastKnownFileType = text.css; path = kimbie.dark.css; sourceTree = "<group>"; };
		D20A11131CFD417C00244357 /* kimbie.light.css */ = {isa = PBXFileReference; fileEncoding = 4; lastKnownFileType = text.css; path = kimbie.light.css; sourceTree = "<group>"; };
		D20A11141CFD417C00244357 /* magula.css */ = {isa = PBXFileReference; fileEncoding = 4; lastKnownFileType = text.css; path = magula.css; sourceTree = "<group>"; };
		D20A11151CFD417C00244357 /* mono-blue.css */ = {isa = PBXFileReference; fileEncoding = 4; lastKnownFileType = text.css; path = "mono-blue.css"; sourceTree = "<group>"; };
		D20A11161CFD417C00244357 /* monokai-sublime.css */ = {isa = PBXFileReference; fileEncoding = 4; lastKnownFileType = text.css; path = "monokai-sublime.css"; sourceTree = "<group>"; };
		D20A11171CFD417C00244357 /* monokai.css */ = {isa = PBXFileReference; fileEncoding = 4; lastKnownFileType = text.css; path = monokai.css; sourceTree = "<group>"; };
		D20A11181CFD417C00244357 /* obsidian.css */ = {isa = PBXFileReference; fileEncoding = 4; lastKnownFileType = text.css; path = obsidian.css; sourceTree = "<group>"; };
		D20A11191CFD417C00244357 /* paraiso-dark.css */ = {isa = PBXFileReference; fileEncoding = 4; lastKnownFileType = text.css; path = "paraiso-dark.css"; sourceTree = "<group>"; };
		D20A111A1CFD417C00244357 /* paraiso-light.css */ = {isa = PBXFileReference; fileEncoding = 4; lastKnownFileType = text.css; path = "paraiso-light.css"; sourceTree = "<group>"; };
		D20A111B1CFD417C00244357 /* pojoaque.css */ = {isa = PBXFileReference; fileEncoding = 4; lastKnownFileType = text.css; path = pojoaque.css; sourceTree = "<group>"; };
		D20A111C1CFD417C00244357 /* pojoaque.jpg */ = {isa = PBXFileReference; lastKnownFileType = image.jpeg; path = pojoaque.jpg; sourceTree = "<group>"; };
		D20A111D1CFD417C00244357 /* purebasic.css */ = {isa = PBXFileReference; fileEncoding = 4; lastKnownFileType = text.css; path = purebasic.css; sourceTree = "<group>"; };
		D20A111E1CFD417C00244357 /* qtcreator_dark.css */ = {isa = PBXFileReference; fileEncoding = 4; lastKnownFileType = text.css; path = qtcreator_dark.css; sourceTree = "<group>"; };
		D20A111F1CFD417C00244357 /* qtcreator_light.css */ = {isa = PBXFileReference; fileEncoding = 4; lastKnownFileType = text.css; path = qtcreator_light.css; sourceTree = "<group>"; };
		D20A11201CFD417C00244357 /* railscasts.css */ = {isa = PBXFileReference; fileEncoding = 4; lastKnownFileType = text.css; path = railscasts.css; sourceTree = "<group>"; };
		D20A11211CFD417C00244357 /* rainbow.css */ = {isa = PBXFileReference; fileEncoding = 4; lastKnownFileType = text.css; path = rainbow.css; sourceTree = "<group>"; };
		D20A11221CFD417C00244357 /* school-book.css */ = {isa = PBXFileReference; fileEncoding = 4; lastKnownFileType = text.css; path = "school-book.css"; sourceTree = "<group>"; };
		D20A11231CFD417C00244357 /* school-book.png */ = {isa = PBXFileReference; lastKnownFileType = image.png; path = "school-book.png"; sourceTree = "<group>"; };
		D20A11241CFD417C00244357 /* solarized-dark.css */ = {isa = PBXFileReference; fileEncoding = 4; lastKnownFileType = text.css; path = "solarized-dark.css"; sourceTree = "<group>"; };
		D20A11251CFD417C00244357 /* solarized-light.css */ = {isa = PBXFileReference; fileEncoding = 4; lastKnownFileType = text.css; path = "solarized-light.css"; sourceTree = "<group>"; };
		D20A11261CFD417C00244357 /* sunburst.css */ = {isa = PBXFileReference; fileEncoding = 4; lastKnownFileType = text.css; path = sunburst.css; sourceTree = "<group>"; };
		D20A11271CFD417C00244357 /* tomorrow-night-blue.css */ = {isa = PBXFileReference; fileEncoding = 4; lastKnownFileType = text.css; path = "tomorrow-night-blue.css"; sourceTree = "<group>"; };
		D20A11281CFD417C00244357 /* tomorrow-night-bright.css */ = {isa = PBXFileReference; fileEncoding = 4; lastKnownFileType = text.css; path = "tomorrow-night-bright.css"; sourceTree = "<group>"; };
		D20A11291CFD417C00244357 /* tomorrow-night-eighties.css */ = {isa = PBXFileReference; fileEncoding = 4; lastKnownFileType = text.css; path = "tomorrow-night-eighties.css"; sourceTree = "<group>"; };
		D20A112A1CFD417C00244357 /* tomorrow-night.css */ = {isa = PBXFileReference; fileEncoding = 4; lastKnownFileType = text.css; path = "tomorrow-night.css"; sourceTree = "<group>"; };
		D20A112B1CFD417C00244357 /* tomorrow.css */ = {isa = PBXFileReference; fileEncoding = 4; lastKnownFileType = text.css; path = tomorrow.css; sourceTree = "<group>"; };
		D20A112C1CFD417C00244357 /* vs.css */ = {isa = PBXFileReference; fileEncoding = 4; lastKnownFileType = text.css; path = vs.css; sourceTree = "<group>"; };
		D20A112D1CFD417C00244357 /* xcode.css */ = {isa = PBXFileReference; fileEncoding = 4; lastKnownFileType = text.css; path = xcode.css; sourceTree = "<group>"; };
		D20A112E1CFD417C00244357 /* xt256.css */ = {isa = PBXFileReference; fileEncoding = 4; lastKnownFileType = text.css; path = xt256.css; sourceTree = "<group>"; };
		D20A112F1CFD417C00244357 /* zenburn.css */ = {isa = PBXFileReference; fileEncoding = 4; lastKnownFileType = text.css; path = zenburn.css; sourceTree = "<group>"; };
		D20A117D1CFD41C000244357 /* template.html */ = {isa = PBXFileReference; fileEncoding = 4; lastKnownFileType = text.html; path = template.html; sourceTree = "<group>"; };
		D20A117F1CFD427A00244357 /* CodeViewController.swift */ = {isa = PBXFileReference; fileEncoding = 4; lastKnownFileType = sourcecode.swift; path = CodeViewController.swift; sourceTree = "<group>"; };
		D20A11811CFDF1AD00244357 /* github-markdown.css */ = {isa = PBXFileReference; fileEncoding = 4; lastKnownFileType = text.css; path = "github-markdown.css"; sourceTree = "<group>"; };
		D20A11831CFDF31500244357 /* readme.html */ = {isa = PBXFileReference; fileEncoding = 4; lastKnownFileType = text.html; path = readme.html; sourceTree = "<group>"; };
		D2204DC51DB5E87400F44A6E /* RxDataSources.framework */ = {isa = PBXFileReference; lastKnownFileType = wrapper.framework; name = RxDataSources.framework; path = Carthage/Build/iOS/RxDataSources.framework; sourceTree = "<group>"; };
		D2204DC81DB7624100F44A6E /* CommitFileListViewController.swift */ = {isa = PBXFileReference; fileEncoding = 4; lastKnownFileType = sourcecode.swift; path = CommitFileListViewController.swift; sourceTree = "<group>"; };
		D2204DCA1DB794D300F44A6E /* CommitFileCell.swift */ = {isa = PBXFileReference; fileEncoding = 4; lastKnownFileType = sourcecode.swift; path = CommitFileCell.swift; sourceTree = "<group>"; };
		D2204DCC1DB9137400F44A6E /* InsetsLabel.swift */ = {isa = PBXFileReference; fileEncoding = 4; lastKnownFileType = sourcecode.swift; path = InsetsLabel.swift; sourceTree = "<group>"; };
		D2204DD21DBB9A4700F44A6E /* SourcesTests.xctest */ = {isa = PBXFileReference; explicitFileType = wrapper.cfbundle; includeInIndex = 0; path = SourcesTests.xctest; sourceTree = BUILT_PRODUCTS_DIR; };
		D2204DD41DBB9A4700F44A6E /* SourcesTests.swift */ = {isa = PBXFileReference; lastKnownFileType = sourcecode.swift; path = SourcesTests.swift; sourceTree = "<group>"; };
		D2204DD61DBB9A4700F44A6E /* Info.plist */ = {isa = PBXFileReference; lastKnownFileType = text.plist.xml; path = Info.plist; sourceTree = "<group>"; };
		D23EE4041CDF56B100D6143D /* CodeReader.app */ = {isa = PBXFileReference; explicitFileType = wrapper.application; includeInIndex = 0; path = CodeReader.app; sourceTree = BUILT_PRODUCTS_DIR; };
		D23EE4071CDF56B100D6143D /* AppDelegate.swift */ = {isa = PBXFileReference; lastKnownFileType = sourcecode.swift; path = AppDelegate.swift; sourceTree = "<group>"; };
		D23EE40C1CDF56B100D6143D /* Base */ = {isa = PBXFileReference; lastKnownFileType = file.storyboard; name = Base; path = Base.lproj/Main.storyboard; sourceTree = "<group>"; };
		D23EE40E1CDF56B100D6143D /* Assets.xcassets */ = {isa = PBXFileReference; lastKnownFileType = folder.assetcatalog; path = Assets.xcassets; sourceTree = "<group>"; };
		D23EE4111CDF56B100D6143D /* Base */ = {isa = PBXFileReference; lastKnownFileType = file.storyboard; name = Base; path = Base.lproj/LaunchScreen.storyboard; sourceTree = "<group>"; };
		D23EE4131CDF56B100D6143D /* Info.plist */ = {isa = PBXFileReference; lastKnownFileType = text.plist.xml; path = Info.plist; sourceTree = "<group>"; };
		D23EE41E1CE0C1DB00D6143D /* Alamofire.framework */ = {isa = PBXFileReference; lastKnownFileType = wrapper.framework; name = Alamofire.framework; path = Carthage/Build/iOS/Alamofire.framework; sourceTree = "<group>"; };
		D23EE4211CE1C0E300D6143D /* ObjectMapper.framework */ = {isa = PBXFileReference; lastKnownFileType = wrapper.framework; name = ObjectMapper.framework; path = Carthage/Build/iOS/ObjectMapper.framework; sourceTree = "<group>"; };
		D23EE4251CE1C1A300D6143D /* Repo.swift */ = {isa = PBXFileReference; fileEncoding = 4; lastKnownFileType = sourcecode.swift; path = Repo.swift; sourceTree = "<group>"; };
		D23EE42D1CE1CC7600D6143D /* SearchViewController.swift */ = {isa = PBXFileReference; fileEncoding = 4; lastKnownFileType = sourcecode.swift; path = SearchViewController.swift; sourceTree = "<group>"; };
		D23EE42F1CE1D6DE00D6143D /* SearchRepoResponse.swift */ = {isa = PBXFileReference; fileEncoding = 4; lastKnownFileType = sourcecode.swift; path = SearchRepoResponse.swift; sourceTree = "<group>"; };
		D23EE4311CE2266300D6143D /* SearchRepoCell.swift */ = {isa = PBXFileReference; fileEncoding = 4; lastKnownFileType = sourcecode.swift; path = SearchRepoCell.swift; sourceTree = "<group>"; };
		D23EE4321CE2266300D6143D /* SearchRepoCell.xib */ = {isa = PBXFileReference; fileEncoding = 4; lastKnownFileType = file.xib; path = SearchRepoCell.xib; sourceTree = "<group>"; };
		D23EE4351CE2387C00D6143D /* Kingfisher.framework */ = {isa = PBXFileReference; lastKnownFileType = wrapper.framework; name = Kingfisher.framework; path = Carthage/Build/iOS/Kingfisher.framework; sourceTree = "<group>"; };
		D23EE4391CE3653E00D6143D /* Extensions.swift */ = {isa = PBXFileReference; fileEncoding = 4; lastKnownFileType = sourcecode.swift; path = Extensions.swift; sourceTree = "<group>"; };
		D23EE43B1CE479B700D6143D /* RepoViewController.swift */ = {isa = PBXFileReference; fileEncoding = 4; lastKnownFileType = sourcecode.swift; path = RepoViewController.swift; sourceTree = "<group>"; };
		D263B3B11D8653F90050CB27 /* BranchCell.swift */ = {isa = PBXFileReference; fileEncoding = 4; lastKnownFileType = sourcecode.swift; path = BranchCell.swift; sourceTree = "<group>"; };
		D263B3B21D8653F90050CB27 /* BranchCell.xib */ = {isa = PBXFileReference; fileEncoding = 4; lastKnownFileType = file.xib; path = BranchCell.xib; sourceTree = "<group>"; };
		D26CA5981D17C0E70073FB53 /* IAPHelper.swift */ = {isa = PBXFileReference; fileEncoding = 4; lastKnownFileType = sourcecode.swift; path = IAPHelper.swift; sourceTree = "<group>"; };
		D26CA59A1D17C49A0073FB53 /* DonationProduct.swift */ = {isa = PBXFileReference; fileEncoding = 4; lastKnownFileType = sourcecode.swift; path = DonationProduct.swift; sourceTree = "<group>"; };
		D26CA59C1D1B31AD0073FB53 /* RecentsManager.swift */ = {isa = PBXFileReference; fileEncoding = 4; lastKnownFileType = sourcecode.swift; path = RecentsManager.swift; sourceTree = "<group>"; };
		D26CA59E1D1B33A10073FB53 /* Recent.swift */ = {isa = PBXFileReference; fileEncoding = 4; lastKnownFileType = sourcecode.swift; path = Recent.swift; sourceTree = "<group>"; };
		D26CA5A01D1C20110073FB53 /* HistoryViewController.swift */ = {isa = PBXFileReference; fileEncoding = 4; lastKnownFileType = sourcecode.swift; path = HistoryViewController.swift; sourceTree = "<group>"; };
		D26CA5A21D1C31A20073FB53 /* RecentFileCell.swift */ = {isa = PBXFileReference; fileEncoding = 4; lastKnownFileType = sourcecode.swift; path = RecentFileCell.swift; sourceTree = "<group>"; };
		D26CA5A31D1C31A20073FB53 /* RecentFileCell.xib */ = {isa = PBXFileReference; fileEncoding = 4; lastKnownFileType = file.xib; path = RecentFileCell.xib; sourceTree = "<group>"; };
		D278915A1D7B2B2100FC5191 /* CommitListViewController.swift */ = {isa = PBXFileReference; fileEncoding = 4; lastKnownFileType = sourcecode.swift; path = CommitListViewController.swift; sourceTree = "<group>"; };
		D278915C1D7C7AB700FC5191 /* SwiftDate.framework */ = {isa = PBXFileReference; lastKnownFileType = wrapper.framework; name = SwiftDate.framework; path = Carthage/Build/iOS/SwiftDate.framework; sourceTree = "<group>"; };
		D278915F1D7D55A900FC5191 /* SwiftyBeaver.framework */ = {isa = PBXFileReference; lastKnownFileType = wrapper.framework; name = SwiftyBeaver.framework; path = Carthage/Build/iOS/SwiftyBeaver.framework; sourceTree = "<group>"; };
		D27891621D7D5BCB00FC5191 /* CommitListViewModel.swift */ = {isa = PBXFileReference; fileEncoding = 4; lastKnownFileType = sourcecode.swift; path = CommitListViewModel.swift; sourceTree = "<group>"; };
		D27891641D7DB30000FC5191 /* Branch.swift */ = {isa = PBXFileReference; fileEncoding = 4; lastKnownFileType = sourcecode.swift; path = Branch.swift; sourceTree = "<group>"; };
		D27891661D7EBD4900FC5191 /* BranchListViewModel.swift */ = {isa = PBXFileReference; fileEncoding = 4; lastKnownFileType = sourcecode.swift; path = BranchListViewModel.swift; sourceTree = "<group>"; };
		D27891681D7F048300FC5191 /* BranchListViewController.swift */ = {isa = PBXFileReference; fileEncoding = 4; lastKnownFileType = sourcecode.swift; path = BranchListViewController.swift; sourceTree = "<group>"; };
		D27FECA91D1E3ABF00E3D366 /* Fabric.framework */ = {isa = PBXFileReference; lastKnownFileType = wrapper.framework; path = Fabric.framework; sourceTree = "<group>"; };
		D27FECAA1D1E3ABF00E3D366 /* Crashlytics.framework */ = {isa = PBXFileReference; lastKnownFileType = wrapper.framework; path = Crashlytics.framework; sourceTree = "<group>"; };
		D28D50781D0C07E300779D30 /* ThemeListViewController.swift */ = {isa = PBXFileReference; fileEncoding = 4; lastKnownFileType = sourcecode.swift; path = ThemeListViewController.swift; sourceTree = "<group>"; };
		D29202DA1D1311F9002F1FE7 /* AboutViewController.swift */ = {isa = PBXFileReference; fileEncoding = 4; lastKnownFileType = sourcecode.swift; path = AboutViewController.swift; sourceTree = "<group>"; };
		D29202DC1D15B78E002F1FE7 /* StoreKit.framework */ = {isa = PBXFileReference; lastKnownFileType = wrapper.framework; name = StoreKit.framework; path = System/Library/Frameworks/StoreKit.framework; sourceTree = SDKROOT; };
		D29443431D0BE2FD00D4AA2C /* Theme.swift */ = {isa = PBXFileReference; fileEncoding = 4; lastKnownFileType = sourcecode.swift; path = Theme.swift; sourceTree = "<group>"; };
		D29443471D0BE80F00D4AA2C /* ThemeCell.swift */ = {isa = PBXFileReference; fileEncoding = 4; lastKnownFileType = sourcecode.swift; path = ThemeCell.swift; sourceTree = "<group>"; };
		D29443481D0BE80F00D4AA2C /* ThemeCell.xib */ = {isa = PBXFileReference; fileEncoding = 4; lastKnownFileType = file.xib; path = ThemeCell.xib; sourceTree = "<group>"; };
		D294434B1D0BEC2F00D4AA2C /* ThemeFactory.swift */ = {isa = PBXFileReference; fileEncoding = 4; lastKnownFileType = sourcecode.swift; path = ThemeFactory.swift; sourceTree = "<group>"; };
		D294434E1D0BEC4E00D4AA2C /* RepoViewModel.swift */ = {isa = PBXFileReference; fileEncoding = 4; lastKnownFileType = sourcecode.swift; path = RepoViewModel.swift; sourceTree = "<group>"; };
		D294434F1D0BEC4E00D4AA2C /* SearchRepoViewModel.swift */ = {isa = PBXFileReference; fileEncoding = 4; lastKnownFileType = sourcecode.swift; path = SearchRepoViewModel.swift; sourceTree = "<group>"; };
		D29443501D0BEC4E00D4AA2C /* ThemeViewModel.swift */ = {isa = PBXFileReference; fileEncoding = 4; lastKnownFileType = sourcecode.swift; path = ThemeViewModel.swift; sourceTree = "<group>"; };
		D29443541D0BFC6D00D4AA2C /* HEXColor.framework */ = {isa = PBXFileReference; lastKnownFileType = wrapper.framework; name = HEXColor.framework; path = Carthage/Build/iOS/HEXColor.framework; sourceTree = "<group>"; };
		D2C610111DAE58CA00D27446 /* EZLoadingActivity.framework */ = {isa = PBXFileReference; lastKnownFileType = wrapper.framework; name = EZLoadingActivity.framework; path = Carthage/Build/iOS/EZLoadingActivity.framework; sourceTree = "<group>"; };
		D2C610151DB4E86100D27446 /* BaseTableViewController.swift */ = {isa = PBXFileReference; fileEncoding = 4; lastKnownFileType = sourcecode.swift; path = BaseTableViewController.swift; sourceTree = "<group>"; };
		D2CE2E031D787E8A00AAAF8A /* CommitItem.swift */ = {isa = PBXFileReference; fileEncoding = 4; lastKnownFileType = sourcecode.swift; path = CommitItem.swift; sourceTree = "<group>"; };
		D2CE2E051D788C2A00AAAF8A /* Commit.swift */ = {isa = PBXFileReference; fileEncoding = 4; lastKnownFileType = sourcecode.swift; path = Commit.swift; sourceTree = "<group>"; };
		D2CE2E091D79C3E500AAAF8A /* User.swift */ = {isa = PBXFileReference; fileEncoding = 4; lastKnownFileType = sourcecode.swift; path = User.swift; sourceTree = "<group>"; };
		D2CE2E0B1D79E7A500AAAF8A /* CommitCell.swift */ = {isa = PBXFileReference; fileEncoding = 4; lastKnownFileType = sourcecode.swift; path = CommitCell.swift; sourceTree = "<group>"; };
		D2CE2E0C1D79E7A500AAAF8A /* CommitCell.xib */ = {isa = PBXFileReference; fileEncoding = 4; lastKnownFileType = file.xib; path = CommitCell.xib; sourceTree = "<group>"; };
		D2DC098A1D964A1E00AF3EE7 /* RxSwift.framework */ = {isa = PBXFileReference; lastKnownFileType = wrapper.framework; name = RxSwift.framework; path = Carthage/Build/iOS/RxSwift.framework; sourceTree = "<group>"; };
		D2DC098B1D964A1E00AF3EE7 /* RxCocoa.framework */ = {isa = PBXFileReference; lastKnownFileType = wrapper.framework; name = RxCocoa.framework; path = Carthage/Build/iOS/RxCocoa.framework; sourceTree = "<group>"; };
/* End PBXFileReference section */

/* Begin PBXFrameworksBuildPhase section */
		D2204DCF1DBB9A4700F44A6E /* Frameworks */ = {
			isa = PBXFrameworksBuildPhase;
			buildActionMask = 2147483647;
			files = (
			);
			runOnlyForDeploymentPostprocessing = 0;
		};
		D23EE4011CDF56B100D6143D /* Frameworks */ = {
			isa = PBXFrameworksBuildPhase;
			buildActionMask = 2147483647;
			files = (
				D2DC098C1D964A1E00AF3EE7 /* RxSwift.framework in Frameworks */,
				D23EE4361CE2387C00D6143D /* Kingfisher.framework in Frameworks */,
				D27FECAC1D1E3ABF00E3D366 /* Crashlytics.framework in Frameworks */,
				D29202DD1D15B78E002F1FE7 /* StoreKit.framework in Frameworks */,
				D23EE4221CE1C0E300D6143D /* ObjectMapper.framework in Frameworks */,
				D2C610121DAE58CA00D27446 /* EZLoadingActivity.framework in Frameworks */,
				D2204DC61DB5E87400F44A6E /* RxDataSources.framework in Frameworks */,
				D27FECAB1D1E3ABF00E3D366 /* Fabric.framework in Frameworks */,
				D27891601D7D55A900FC5191 /* SwiftyBeaver.framework in Frameworks */,
				D23EE41F1CE0C1DB00D6143D /* Alamofire.framework in Frameworks */,
				D29443551D0BFC6D00D4AA2C /* HEXColor.framework in Frameworks */,
				D2DC098E1D964A1E00AF3EE7 /* RxCocoa.framework in Frameworks */,
				D278915D1D7C7AB700FC5191 /* SwiftDate.framework in Frameworks */,
			);
			runOnlyForDeploymentPostprocessing = 0;
		};
/* End PBXFrameworksBuildPhase section */

/* Begin PBXGroup section */
		D20A10E01CFD40F600244357 /* JS */ = {
			isa = PBXGroup;
			children = (
				D20A10E21CFD413600244357 /* highlight.pack.js */,
			);
			path = JS;
			sourceTree = "<group>";
		};
		D20A10E11CFD40FA00244357 /* Themes */ = {
			isa = PBXGroup;
			children = (
				D20A10E41CFD417C00244357 /* agate.css */,
				D20A10E51CFD417C00244357 /* androidstudio.css */,
				D20A10E61CFD417C00244357 /* arduino-light.css */,
				D20A10E71CFD417C00244357 /* arta.css */,
				D20A10E81CFD417C00244357 /* ascetic.css */,
				D20A10E91CFD417C00244357 /* atelier-cave-dark.css */,
				D20A10EA1CFD417C00244357 /* atelier-cave-light.css */,
				D20A10EB1CFD417C00244357 /* atelier-dune-dark.css */,
				D20A10EC1CFD417C00244357 /* atelier-dune-light.css */,
				D20A10ED1CFD417C00244357 /* atelier-estuary-dark.css */,
				D20A10EE1CFD417C00244357 /* atelier-estuary-light.css */,
				D20A10EF1CFD417C00244357 /* atelier-forest-dark.css */,
				D20A10F01CFD417C00244357 /* atelier-forest-light.css */,
				D20A10F11CFD417C00244357 /* atelier-heath-dark.css */,
				D20A10F21CFD417C00244357 /* atelier-heath-light.css */,
				D20A10F31CFD417C00244357 /* atelier-lakeside-dark.css */,
				D20A10F41CFD417C00244357 /* atelier-lakeside-light.css */,
				D20A10F51CFD417C00244357 /* atelier-plateau-dark.css */,
				D20A10F61CFD417C00244357 /* atelier-plateau-light.css */,
				D20A10F71CFD417C00244357 /* atelier-savanna-dark.css */,
				D20A10F81CFD417C00244357 /* atelier-savanna-light.css */,
				D20A10F91CFD417C00244357 /* atelier-seaside-dark.css */,
				D20A10FA1CFD417C00244357 /* atelier-seaside-light.css */,
				D20A10FB1CFD417C00244357 /* atelier-sulphurpool-dark.css */,
				D20A10FC1CFD417C00244357 /* atelier-sulphurpool-light.css */,
				D20A10FD1CFD417C00244357 /* brown-paper.css */,
				D20A10FE1CFD417C00244357 /* brown-papersq.png */,
				D20A10FF1CFD417C00244357 /* codepen-embed.css */,
				D20A11001CFD417C00244357 /* color-brewer.css */,
				D20A11011CFD417C00244357 /* dark.css */,
				D20A11021CFD417C00244357 /* darkula.css */,
				D20A11031CFD417C00244357 /* default.css */,
				D20A11041CFD417C00244357 /* docco.css */,
				D20A11051CFD417C00244357 /* dracula.css */,
				D20A11061CFD417C00244357 /* far.css */,
				D20A11071CFD417C00244357 /* foundation.css */,
				D20A11081CFD417C00244357 /* github-gist.css */,
				D20A11091CFD417C00244357 /* github.css */,
				D20A110A1CFD417C00244357 /* googlecode.css */,
				D20A110B1CFD417C00244357 /* grayscale.css */,
				D20A110C1CFD417C00244357 /* gruvbox-dark.css */,
				D20A110D1CFD417C00244357 /* gruvbox-light.css */,
				D20A110E1CFD417C00244357 /* hopscotch.css */,
				D20A110F1CFD417C00244357 /* hybrid.css */,
				D20A11101CFD417C00244357 /* idea.css */,
				D20A11111CFD417C00244357 /* ir-black.css */,
				D20A11121CFD417C00244357 /* kimbie.dark.css */,
				D20A11131CFD417C00244357 /* kimbie.light.css */,
				D20A11141CFD417C00244357 /* magula.css */,
				D20A11151CFD417C00244357 /* mono-blue.css */,
				D20A11161CFD417C00244357 /* monokai-sublime.css */,
				D20A11171CFD417C00244357 /* monokai.css */,
				D20A11181CFD417C00244357 /* obsidian.css */,
				D20A11191CFD417C00244357 /* paraiso-dark.css */,
				D20A111A1CFD417C00244357 /* paraiso-light.css */,
				D20A111B1CFD417C00244357 /* pojoaque.css */,
				D20A111C1CFD417C00244357 /* pojoaque.jpg */,
				D20A111D1CFD417C00244357 /* purebasic.css */,
				D20A111E1CFD417C00244357 /* qtcreator_dark.css */,
				D20A111F1CFD417C00244357 /* qtcreator_light.css */,
				D20A11201CFD417C00244357 /* railscasts.css */,
				D20A11211CFD417C00244357 /* rainbow.css */,
				D20A11221CFD417C00244357 /* school-book.css */,
				D20A11231CFD417C00244357 /* school-book.png */,
				D20A11241CFD417C00244357 /* solarized-dark.css */,
				D20A11251CFD417C00244357 /* solarized-light.css */,
				D20A11261CFD417C00244357 /* sunburst.css */,
				D20A11271CFD417C00244357 /* tomorrow-night-blue.css */,
				D20A11281CFD417C00244357 /* tomorrow-night-bright.css */,
				D20A11291CFD417C00244357 /* tomorrow-night-eighties.css */,
				D20A112A1CFD417C00244357 /* tomorrow-night.css */,
				D20A112B1CFD417C00244357 /* tomorrow.css */,
				D20A112C1CFD417C00244357 /* vs.css */,
				D20A112D1CFD417C00244357 /* xcode.css */,
				D20A112E1CFD417C00244357 /* xt256.css */,
				D20A112F1CFD417C00244357 /* zenburn.css */,
			);
			path = Themes;
			sourceTree = "<group>";
		};
		D20A117C1CFD41A500244357 /* HTML */ = {
			isa = PBXGroup;
			children = (
				D20A11831CFDF31500244357 /* readme.html */,
				D20A117D1CFD41C000244357 /* template.html */,
				D20A11811CFDF1AD00244357 /* github-markdown.css */,
			);
			path = HTML;
			sourceTree = "<group>";
		};
		D2204DD31DBB9A4700F44A6E /* SourcesTests */ = {
			isa = PBXGroup;
			children = (
				D2204DD41DBB9A4700F44A6E /* SourcesTests.swift */,
				D2204DD61DBB9A4700F44A6E /* Info.plist */,
			);
			name = SourcesTests;
			path = ../../SourcesTests;
			sourceTree = "<group>";
		};
		D23EE3FB1CDF56B100D6143D = {
			isa = PBXGroup;
			children = (
				D23EE41D1CDF62B900D6143D /* Frameworks */,
				D23EE4061CDF56B100D6143D /* CodeReader */,
				D23EE4051CDF56B100D6143D /* Products */,
			);
			sourceTree = "<group>";
		};
		D23EE4051CDF56B100D6143D /* Products */ = {
			isa = PBXGroup;
			children = (
				D23EE4041CDF56B100D6143D /* CodeReader.app */,
				D2204DD21DBB9A4700F44A6E /* SourcesTests.xctest */,
			);
			name = Products;
			sourceTree = "<group>";
		};
		D23EE4061CDF56B100D6143D /* CodeReader */ = {
			isa = PBXGroup;
			children = (
				D26CA5971D17C0D70073FB53 /* IAP */,
				D23EE4071CDF56B100D6143D /* AppDelegate.swift */,
				D23EE40E1CDF56B100D6143D /* Assets.xcassets */,
				D23EE4381CE3650C00D6143D /* Helper */,
				D20A117C1CFD41A500244357 /* HTML */,
				D23EE4131CDF56B100D6143D /* Info.plist */,
				D20A10E01CFD40F600244357 /* JS */,
				D23EE4101CDF56B100D6143D /* LaunchScreen.storyboard */,
				D23EE40B1CDF56B100D6143D /* Main.storyboard */,
				D23EE4241CE1C19500D6143D /* Model */,
				D20A10E11CFD40FA00244357 /* Themes */,
				D2451F921CEA0CEB003CE49B /* Vender */,
				D23EE42C1CE1CC6200D6143D /* View */,
				D294434D1D0BEC4E00D4AA2C /* ViewModel */,
			);
			path = CodeReader;
			sourceTree = "<group>";
		};
		D23EE41D1CDF62B900D6143D /* Frameworks */ = {
			isa = PBXGroup;
			children = (
				D2204DC51DB5E87400F44A6E /* RxDataSources.framework */,
				D2C610111DAE58CA00D27446 /* EZLoadingActivity.framework */,
				D23EE41E1CE0C1DB00D6143D /* Alamofire.framework */,
				D27FECAA1D1E3ABF00E3D366 /* Crashlytics.framework */,
				D27FECA91D1E3ABF00E3D366 /* Fabric.framework */,
				D29443541D0BFC6D00D4AA2C /* HEXColor.framework */,
				D23EE4351CE2387C00D6143D /* Kingfisher.framework */,
				D23EE4211CE1C0E300D6143D /* ObjectMapper.framework */,
				D2DC098B1D964A1E00AF3EE7 /* RxCocoa.framework */,
				D2DC098A1D964A1E00AF3EE7 /* RxSwift.framework */,
				D29202DC1D15B78E002F1FE7 /* StoreKit.framework */,
				D278915C1D7C7AB700FC5191 /* SwiftDate.framework */,
				D278915F1D7D55A900FC5191 /* SwiftyBeaver.framework */,
			);
			name = Frameworks;
			sourceTree = "<group>";
		};
		D23EE4241CE1C19500D6143D /* Model */ = {
			isa = PBXGroup;
			children = (
				D23EE4251CE1C1A300D6143D /* Repo.swift */,
				D23EE42F1CE1D6DE00D6143D /* SearchRepoResponse.swift */,
				D20A10DE1CF8278900244357 /* RepoFile.swift */,
				D29443431D0BE2FD00D4AA2C /* Theme.swift */,
				D26CA59C1D1B31AD0073FB53 /* RecentsManager.swift */,
				D26CA59E1D1B33A10073FB53 /* Recent.swift */,
				D2CE2E031D787E8A00AAAF8A /* CommitItem.swift */,
				D2CE2E051D788C2A00AAAF8A /* Commit.swift */,
				D2CE2E091D79C3E500AAAF8A /* User.swift */,
				D2204DD31DBB9A4700F44A6E /* SourcesTests */,
				D27891641D7DB30000FC5191 /* Branch.swift */,
			);
			path = Model;
			sourceTree = "<group>";
		};
		D23EE42C1CE1CC6200D6143D /* View */ = {
			isa = PBXGroup;
			children = (
				D23EE42D1CE1CC7600D6143D /* SearchViewController.swift */,
				D23EE4311CE2266300D6143D /* SearchRepoCell.swift */,
				D23EE4321CE2266300D6143D /* SearchRepoCell.xib */,
				D23EE43B1CE479B700D6143D /* RepoViewController.swift */,
				D20A10D81CF823F600244357 /* FileListViewController.swift */,
				D20A10DA1CF8245A00244357 /* FileCell.swift */,
				D20A10DB1CF8245A00244357 /* FileCell.xib */,
				D20A117F1CFD427A00244357 /* CodeViewController.swift */,
				D29443471D0BE80F00D4AA2C /* ThemeCell.swift */,
				D29443481D0BE80F00D4AA2C /* ThemeCell.xib */,
				D28D50781D0C07E300779D30 /* ThemeListViewController.swift */,
				D29202DA1D1311F9002F1FE7 /* AboutViewController.swift */,
				D26CA5A01D1C20110073FB53 /* HistoryViewController.swift */,
				D26CA5A21D1C31A20073FB53 /* RecentFileCell.swift */,
				D26CA5A31D1C31A20073FB53 /* RecentFileCell.xib */,
				D2CE2E0B1D79E7A500AAAF8A /* CommitCell.swift */,
				D2CE2E0C1D79E7A500AAAF8A /* CommitCell.xib */,
				D278915A1D7B2B2100FC5191 /* CommitListViewController.swift */,
				D27891681D7F048300FC5191 /* BranchListViewController.swift */,
				D263B3B11D8653F90050CB27 /* BranchCell.swift */,
				D263B3B21D8653F90050CB27 /* BranchCell.xib */,
				D20483CA1D9A18E900A33CD5 /* BaseViewController.swift */,
				D2C610151DB4E86100D27446 /* BaseTableViewController.swift */,
				D2204DC81DB7624100F44A6E /* CommitFileListViewController.swift */,
				D2204DCA1DB794D300F44A6E /* CommitFileCell.swift */,
				D2204DCC1DB9137400F44A6E /* InsetsLabel.swift */,
			);
			path = View;
			sourceTree = "<group>";
		};
		D23EE4381CE3650C00D6143D /* Helper */ = {
			isa = PBXGroup;
			children = (
				D23EE4391CE3653E00D6143D /* Extensions.swift */,
				D294434B1D0BEC2F00D4AA2C /* ThemeFactory.swift */,
			);
			path = Helper;
			sourceTree = "<group>";
		};
		D2451F921CEA0CEB003CE49B /* Vender */ = {
			isa = PBXGroup;
			children = (
			);
			path = Vender;
			sourceTree = "<group>";
		};
		D26CA5971D17C0D70073FB53 /* IAP */ = {
			isa = PBXGroup;
			children = (
				D26CA5981D17C0E70073FB53 /* IAPHelper.swift */,
				D26CA59A1D17C49A0073FB53 /* DonationProduct.swift */,
			);
			path = IAP;
			sourceTree = "<group>";
		};
		D294434D1D0BEC4E00D4AA2C /* ViewModel */ = {
			isa = PBXGroup;
			children = (
				D294434E1D0BEC4E00D4AA2C /* RepoViewModel.swift */,
				D294434F1D0BEC4E00D4AA2C /* SearchRepoViewModel.swift */,
				D29443501D0BEC4E00D4AA2C /* ThemeViewModel.swift */,
				D27891621D7D5BCB00FC5191 /* CommitListViewModel.swift */,
				D27891661D7EBD4900FC5191 /* BranchListViewModel.swift */,
			);
			path = ViewModel;
			sourceTree = "<group>";
		};
/* End PBXGroup section */

/* Begin PBXNativeTarget section */
		D2204DD11DBB9A4700F44A6E /* SourcesTests */ = {
			isa = PBXNativeTarget;
			buildConfigurationList = D2204DD91DBB9A4700F44A6E /* Build configuration list for PBXNativeTarget "SourcesTests" */;
			buildPhases = (
				D2204DCE1DBB9A4700F44A6E /* Sources */,
				D2204DCF1DBB9A4700F44A6E /* Frameworks */,
				D2204DD01DBB9A4700F44A6E /* Resources */,
			);
			buildRules = (
			);
			dependencies = (
				D2204DD81DBB9A4700F44A6E /* PBXTargetDependency */,
			);
			name = SourcesTests;
			productName = SourcesTests;
			productReference = D2204DD21DBB9A4700F44A6E /* SourcesTests.xctest */;
			productType = "com.apple.product-type.bundle.unit-test";
		};
		D23EE4031CDF56B100D6143D /* CodeReader */ = {
			isa = PBXNativeTarget;
			buildConfigurationList = D23EE4161CDF56B100D6143D /* Build configuration list for PBXNativeTarget "CodeReader" */;
			buildPhases = (
				D23EE4001CDF56B100D6143D /* Sources */,
				D23EE4011CDF56B100D6143D /* Frameworks */,
				D23EE4021CDF56B100D6143D /* Resources */,
				D23EE41C1CDF62A500D6143D /* Embed Frameworks */,
				D27FECAD1D1E733F00E3D366 /* ShellScript */,
				D27FECA41D1E354000E3D366 /* ShellScript */,
			);
			buildRules = (
			);
			dependencies = (
			);
			name = CodeReader;
			productName = CodeReader;
			productReference = D23EE4041CDF56B100D6143D /* CodeReader.app */;
			productType = "com.apple.product-type.application";
		};
/* End PBXNativeTarget section */

/* Begin PBXProject section */
		D23EE3FC1CDF56B100D6143D /* Project object */ = {
			isa = PBXProject;
			attributes = {
				LastSwiftUpdateCheck = 0800;
				LastUpgradeCheck = 0800;
				ORGANIZATIONNAME = MAD;
				TargetAttributes = {
					D2204DD11DBB9A4700F44A6E = {
						CreatedOnToolsVersion = 8.0;
						DevelopmentTeam = GZLZV8E4BV;
						ProvisioningStyle = Automatic;
						TestTargetID = D23EE4031CDF56B100D6143D;
					};
					D23EE4031CDF56B100D6143D = {
						CreatedOnToolsVersion = 7.3;
						DevelopmentTeam = GZLZV8E4BV;
						LastSwiftMigration = 0800;
						SystemCapabilities = {
							com.apple.InAppPurchase = {
								enabled = 1;
							};
						};
					};
				};
			};
			buildConfigurationList = D23EE3FF1CDF56B100D6143D /* Build configuration list for PBXProject "CodeReader" */;
			compatibilityVersion = "Xcode 3.2";
			developmentRegion = English;
			hasScannedForEncodings = 0;
			knownRegions = (
				en,
				Base,
			);
			mainGroup = D23EE3FB1CDF56B100D6143D;
			productRefGroup = D23EE4051CDF56B100D6143D /* Products */;
			projectDirPath = "";
			projectRoot = "";
			targets = (
				D23EE4031CDF56B100D6143D /* CodeReader */,
				D2204DD11DBB9A4700F44A6E /* SourcesTests */,
			);
		};
/* End PBXProject section */

/* Begin PBXResourcesBuildPhase section */
		D2204DD01DBB9A4700F44A6E /* Resources */ = {
			isa = PBXResourcesBuildPhase;
			buildActionMask = 2147483647;
			files = (
			);
			runOnlyForDeploymentPostprocessing = 0;
		};
		D23EE4021CDF56B100D6143D /* Resources */ = {
			isa = PBXResourcesBuildPhase;
			buildActionMask = 2147483647;
			files = (
				D20A11371CFD417C00244357 /* atelier-dune-dark.css in Resources */,
				D23EE4121CDF56B100D6143D /* LaunchScreen.storyboard in Resources */,
				D20A116B1CFD417C00244357 /* qtcreator_light.css in Resources */,
				D20A11691CFD417C00244357 /* purebasic.css in Resources */,
				D20A116D1CFD417C00244357 /* rainbow.css in Resources */,
				D20A11341CFD417C00244357 /* ascetic.css in Resources */,
				D20A11561CFD417C00244357 /* googlecode.css in Resources */,
				D20A11331CFD417C00244357 /* arta.css in Resources */,
				D20A11501CFD417C00244357 /* docco.css in Resources */,
				D20A11751CFD417C00244357 /* tomorrow-night-eighties.css in Resources */,
				D20A11311CFD417C00244357 /* androidstudio.css in Resources */,
				D20A113D1CFD417C00244357 /* atelier-heath-dark.css in Resources */,
				D20A114E1CFD417C00244357 /* darkula.css in Resources */,
				D20A11361CFD417C00244357 /* atelier-cave-light.css in Resources */,
				D20A11591CFD417C00244357 /* gruvbox-light.css in Resources */,
				D20A114C1CFD417C00244357 /* color-brewer.css in Resources */,
				D23EE40F1CDF56B100D6143D /* Assets.xcassets in Resources */,
				D20A11681CFD417C00244357 /* pojoaque.jpg in Resources */,
				D20A11481CFD417C00244357 /* atelier-sulphurpool-light.css in Resources */,
				D20A11581CFD417C00244357 /* gruvbox-dark.css in Resources */,
				D20A117B1CFD417C00244357 /* zenburn.css in Resources */,
				D20A113B1CFD417C00244357 /* atelier-forest-dark.css in Resources */,
				D20A115E1CFD417C00244357 /* kimbie.dark.css in Resources */,
				D20A11351CFD417C00244357 /* atelier-cave-dark.css in Resources */,
				D20A11821CFDF1AD00244357 /* github-markdown.css in Resources */,
				D20A11611CFD417C00244357 /* mono-blue.css in Resources */,
				D20A115C1CFD417C00244357 /* idea.css in Resources */,
				D20A116F1CFD417C00244357 /* school-book.png in Resources */,
				D23EE40D1CDF56B100D6143D /* Main.storyboard in Resources */,
				D20A10DD1CF8245A00244357 /* FileCell.xib in Resources */,
				D20A11541CFD417C00244357 /* github-gist.css in Resources */,
				D20A11471CFD417C00244357 /* atelier-sulphurpool-dark.css in Resources */,
				D20A116A1CFD417C00244357 /* qtcreator_dark.css in Resources */,
				D20A11631CFD417C00244357 /* monokai.css in Resources */,
				D263B3B41D8653F90050CB27 /* BranchCell.xib in Resources */,
				D20A114B1CFD417C00244357 /* codepen-embed.css in Resources */,
				D20A11421CFD417C00244357 /* atelier-plateau-light.css in Resources */,
				D26CA5A51D1C31A20073FB53 /* RecentFileCell.xib in Resources */,
				D20A11771CFD417C00244357 /* tomorrow.css in Resources */,
				D20A11321CFD417C00244357 /* arduino-light.css in Resources */,
				D20A11601CFD417C00244357 /* magula.css in Resources */,
				D20A11521CFD417C00244357 /* far.css in Resources */,
				D20A11711CFD417C00244357 /* solarized-light.css in Resources */,
				D20A116E1CFD417C00244357 /* school-book.css in Resources */,
				D20A11571CFD417C00244357 /* grayscale.css in Resources */,
				D20A11411CFD417C00244357 /* atelier-plateau-dark.css in Resources */,
				D20A114A1CFD417C00244357 /* brown-papersq.png in Resources */,
				D20A11511CFD417C00244357 /* dracula.css in Resources */,
				D20A11381CFD417C00244357 /* atelier-dune-light.css in Resources */,
				D20A11701CFD417C00244357 /* solarized-dark.css in Resources */,
				D20A11741CFD417C00244357 /* tomorrow-night-bright.css in Resources */,
				D20A117A1CFD417C00244357 /* xt256.css in Resources */,
				D20A11841CFDF31500244357 /* readme.html in Resources */,
				D20A11671CFD417C00244357 /* pojoaque.css in Resources */,
				D20A11721CFD417C00244357 /* sunburst.css in Resources */,
				D20A113F1CFD417C00244357 /* atelier-lakeside-dark.css in Resources */,
				D20A11491CFD417C00244357 /* brown-paper.css in Resources */,
				D2CE2E0E1D79E7A500AAAF8A /* CommitCell.xib in Resources */,
				D20A11791CFD417C00244357 /* xcode.css in Resources */,
				D20A11651CFD417C00244357 /* paraiso-dark.css in Resources */,
				D20A115A1CFD417C00244357 /* hopscotch.css in Resources */,
				D20A117E1CFD41C000244357 /* template.html in Resources */,
				D23EE4341CE2266300D6143D /* SearchRepoCell.xib in Resources */,
				D20A11641CFD417C00244357 /* obsidian.css in Resources */,
				D20A11441CFD417C00244357 /* atelier-savanna-light.css in Resources */,
				D20A115B1CFD417C00244357 /* hybrid.css in Resources */,
				D20A11301CFD417C00244357 /* agate.css in Resources */,
				D20A116C1CFD417C00244357 /* railscasts.css in Resources */,
				D20A11461CFD417C00244357 /* atelier-seaside-light.css in Resources */,
				D20A115F1CFD417C00244357 /* kimbie.light.css in Resources */,
				D20A11551CFD417C00244357 /* github.css in Resources */,
				D20A113E1CFD417C00244357 /* atelier-heath-light.css in Resources */,
				D20A113C1CFD417C00244357 /* atelier-forest-light.css in Resources */,
				D20A114D1CFD417C00244357 /* dark.css in Resources */,
				D20A113A1CFD417C00244357 /* atelier-estuary-light.css in Resources */,
				D20A11781CFD417C00244357 /* vs.css in Resources */,
				D20A11661CFD417C00244357 /* paraiso-light.css in Resources */,
				D20A115D1CFD417C00244357 /* ir-black.css in Resources */,
				D294434A1D0BE80F00D4AA2C /* ThemeCell.xib in Resources */,
				D20A11391CFD417C00244357 /* atelier-estuary-dark.css in Resources */,
				D20A11621CFD417C00244357 /* monokai-sublime.css in Resources */,
				D20A11761CFD417C00244357 /* tomorrow-night.css in Resources */,
				D20A114F1CFD417C00244357 /* default.css in Resources */,
				D20A11401CFD417C00244357 /* atelier-lakeside-light.css in Resources */,
				D20A11731CFD417C00244357 /* tomorrow-night-blue.css in Resources */,
				D20A11531CFD417C00244357 /* foundation.css in Resources */,
				D20A10E31CFD413600244357 /* highlight.pack.js in Resources */,
				D20A11431CFD417C00244357 /* atelier-savanna-dark.css in Resources */,
				D20A11451CFD417C00244357 /* atelier-seaside-dark.css in Resources */,
			);
			runOnlyForDeploymentPostprocessing = 0;
		};
/* End PBXResourcesBuildPhase section */

/* Begin PBXShellScriptBuildPhase section */
		D27FECA41D1E354000E3D366 /* ShellScript */ = {
			isa = PBXShellScriptBuildPhase;
			buildActionMask = 2147483647;
			files = (
			);
			inputPaths = (
			);
			outputPaths = (
			);
			runOnlyForDeploymentPostprocessing = 0;
			shellPath = /bin/sh;
			shellScript = "./Fabric.framework/run f88d269e9ebddfa5288c332293c76d498259c44c 6693f3cd2650d84a773743917ee96147f79bf22b8f57aab8792365eadad42a97";
		};
		D27FECAD1D1E733F00E3D366 /* ShellScript */ = {
			isa = PBXShellScriptBuildPhase;
			buildActionMask = 2147483647;
			files = (
			);
			inputPaths = (
				"$(SRCROOT)/Carthage/Build/iOS/Alamofire.framework",
				"$(SRCROOT)/Carthage/Build/iOS/AlamofireObjectMapper.framework",
				"$(SRCROOT)/Carthage/Build/iOS/HEXColor.framework",
				"$(SRCROOT)/Carthage/Build/iOS/Kingfisher.framework",
				"$(SRCROOT)/Carthage/Build/iOS/ObjectMapper.framework",
			);
			outputPaths = (
			);
			runOnlyForDeploymentPostprocessing = 0;
			shellPath = /bin/sh;
			shellScript = "/usr/local/bin/carthage copy-frameworks";
		};
/* End PBXShellScriptBuildPhase section */

/* Begin PBXSourcesBuildPhase section */
		D2204DCE1DBB9A4700F44A6E /* Sources */ = {
			isa = PBXSourcesBuildPhase;
			buildActionMask = 2147483647;
			files = (
				D2204DD51DBB9A4700F44A6E /* SourcesTests.swift in Sources */,
			);
			runOnlyForDeploymentPostprocessing = 0;
		};
		D23EE4001CDF56B100D6143D /* Sources */ = {
			isa = PBXSourcesBuildPhase;
			buildActionMask = 2147483647;
			files = (
				D2C6100E1DACBAC400D27446 /* ThemeViewModel.swift in Sources */,
				D2C610161DB4E86100D27446 /* BaseTableViewController.swift in Sources */,
				D2C6100F1DACBAC400D27446 /* CommitListViewModel.swift in Sources */,
				D2C610101DACBAC400D27446 /* BranchListViewModel.swift in Sources */,
				D2C610001DACBAB400D27446 /* SearchRepoCell.xib in Sources */,
				D2C610011DACBAB400D27446 /* CodeViewController.swift in Sources */,
				D2C610021DACBAB400D27446 /* ThemeCell.swift in Sources */,
				D2204DCB1DB794D300F44A6E /* CommitFileCell.swift in Sources */,
				D2204DCD1DB9137400F44A6E /* InsetsLabel.swift in Sources */,
				D2C610031DACBAB400D27446 /* ThemeCell.xib in Sources */,
				D2C610041DACBAB400D27446 /* ThemeListViewController.swift in Sources */,
				D2C610051DACBAB400D27446 /* HistoryViewController.swift in Sources */,
				D2C610061DACBAB400D27446 /* RecentFileCell.swift in Sources */,
				D2C610071DACBAB400D27446 /* RecentFileCell.xib in Sources */,
				D2C610081DACBAB400D27446 /* CommitCell.swift in Sources */,
				D2C610091DACBAB400D27446 /* CommitCell.xib in Sources */,
				D2C6100A1DACBAB400D27446 /* CommitListViewController.swift in Sources */,
				D2C6100B1DACBAB400D27446 /* BranchListViewController.swift in Sources */,
				D2C6100C1DACBAB400D27446 /* BranchCell.swift in Sources */,
				D2C6100D1DACBAB400D27446 /* BranchCell.xib in Sources */,
				D2C60FFF1DACBA8C00D27446 /* ThemeFactory.swift in Sources */,
				D2C60FFB1DACBA8200D27446 /* Theme.swift in Sources */,
				D2C60FFC1DACBA8200D27446 /* CommitItem.swift in Sources */,
				D2C60FFD1DACBA8200D27446 /* Commit.swift in Sources */,
				D2C60FFE1DACBA8200D27446 /* Branch.swift in Sources */,
				D2C60FF81DACB99F00D27446 /* FileListViewController.swift in Sources */,
				D2C60FF91DACB99F00D27446 /* FileCell.swift in Sources */,
				D2C60FFA1DACB99F00D27446 /* FileCell.xib in Sources */,
				D2C60FF41DA88F7400D27446 /* IAPHelper.swift in Sources */,
				D2C60FF51DA88F7400D27446 /* DonationProduct.swift in Sources */,
				D2C60FF31DA88F6B00D27446 /* RepoFile.swift in Sources */,
				D2C60FF11DA88F3B00D27446 /* RecentsManager.swift in Sources */,
				D2C60FF21DA88F3B00D27446 /* Recent.swift in Sources */,
				D2C60FEF1DA88A4900D27446 /* RepoViewController.swift in Sources */,
				D2C60FF01DA88A4900D27446 /* RepoViewModel.swift in Sources */,
				D29443521D0BEC4E00D4AA2C /* SearchRepoViewModel.swift in Sources */,
				D29202DB1D1311F9002F1FE7 /* AboutViewController.swift in Sources */,
				D20483CB1D9A18E900A33CD5 /* BaseViewController.swift in Sources */,
				D2CE2E0A1D79C3E500AAAF8A /* User.swift in Sources */,
				D23EE4261CE1C1A300D6143D /* Repo.swift in Sources */,
				D23EE4301CE1D6DE00D6143D /* SearchRepoResponse.swift in Sources */,
				D23EE42E1CE1CC7600D6143D /* SearchViewController.swift in Sources */,
				D23EE4081CDF56B100D6143D /* AppDelegate.swift in Sources */,
				D2204DC91DB7624100F44A6E /* CommitFileListViewController.swift in Sources */,
				D23EE4331CE2266300D6143D /* SearchRepoCell.swift in Sources */,
				D23EE43A1CE3653E00D6143D /* Extensions.swift in Sources */,
			);
			runOnlyForDeploymentPostprocessing = 0;
		};
/* End PBXSourcesBuildPhase section */

/* Begin PBXTargetDependency section */
		D2204DD81DBB9A4700F44A6E /* PBXTargetDependency */ = {
			isa = PBXTargetDependency;
			target = D23EE4031CDF56B100D6143D /* CodeReader */;
			targetProxy = D2204DD71DBB9A4700F44A6E /* PBXContainerItemProxy */;
		};
/* End PBXTargetDependency section */

/* Begin PBXVariantGroup section */
		D23EE40B1CDF56B100D6143D /* Main.storyboard */ = {
			isa = PBXVariantGroup;
			children = (
				D23EE40C1CDF56B100D6143D /* Base */,
			);
			name = Main.storyboard;
			sourceTree = "<group>";
		};
		D23EE4101CDF56B100D6143D /* LaunchScreen.storyboard */ = {
			isa = PBXVariantGroup;
			children = (
				D23EE4111CDF56B100D6143D /* Base */,
			);
			name = LaunchScreen.storyboard;
			sourceTree = "<group>";
		};
/* End PBXVariantGroup section */

/* Begin XCBuildConfiguration section */
		D2204DDA1DBB9A4700F44A6E /* Debug */ = {
			isa = XCBuildConfiguration;
			buildSettings = {
				BUNDLE_LOADER = "$(TEST_HOST)";
				CLANG_WARN_DOCUMENTATION_COMMENTS = YES;
				CLANG_WARN_SUSPICIOUS_MOVES = YES;
				DEVELOPMENT_TEAM = GZLZV8E4BV;
				INFOPLIST_FILE = SourcesTests/Info.plist;
				IPHONEOS_DEPLOYMENT_TARGET = 10.0;
				LD_RUNPATH_SEARCH_PATHS = "$(inherited) @executable_path/Frameworks @loader_path/Frameworks";
				PRODUCT_BUNDLE_IDENTIFIER = com.mad.SourcesTests;
				PRODUCT_NAME = "$(TARGET_NAME)";
				SWIFT_ACTIVE_COMPILATION_CONDITIONS = DEBUG;
				SWIFT_VERSION = 3.0;
				TEST_HOST = "$(BUILT_PRODUCTS_DIR)/CodeReader.app/CodeReader";
			};
			name = Debug;
		};
		D2204DDB1DBB9A4700F44A6E /* Release */ = {
			isa = XCBuildConfiguration;
			buildSettings = {
				BUNDLE_LOADER = "$(TEST_HOST)";
				CLANG_WARN_DOCUMENTATION_COMMENTS = YES;
				CLANG_WARN_SUSPICIOUS_MOVES = YES;
				DEVELOPMENT_TEAM = GZLZV8E4BV;
				INFOPLIST_FILE = SourcesTests/Info.plist;
				IPHONEOS_DEPLOYMENT_TARGET = 10.0;
				LD_RUNPATH_SEARCH_PATHS = "$(inherited) @executable_path/Frameworks @loader_path/Frameworks";
				PRODUCT_BUNDLE_IDENTIFIER = com.mad.SourcesTests;
				PRODUCT_NAME = "$(TARGET_NAME)";
				SWIFT_VERSION = 3.0;
				TEST_HOST = "$(BUILT_PRODUCTS_DIR)/CodeReader.app/CodeReader";
			};
			name = Release;
		};
		D23EE4141CDF56B100D6143D /* Debug */ = {
			isa = XCBuildConfiguration;
			buildSettings = {
				ALWAYS_SEARCH_USER_PATHS = NO;
				CLANG_ANALYZER_NONNULL = YES;
				CLANG_CXX_LANGUAGE_STANDARD = "gnu++0x";
				CLANG_CXX_LIBRARY = "libc++";
				CLANG_ENABLE_MODULES = YES;
				CLANG_ENABLE_OBJC_ARC = YES;
				CLANG_WARN_BOOL_CONVERSION = YES;
				CLANG_WARN_CONSTANT_CONVERSION = YES;
				CLANG_WARN_DIRECT_OBJC_ISA_USAGE = YES_ERROR;
				CLANG_WARN_EMPTY_BODY = YES;
				CLANG_WARN_ENUM_CONVERSION = YES;
				CLANG_WARN_INFINITE_RECURSION = YES;
				CLANG_WARN_INT_CONVERSION = YES;
				CLANG_WARN_OBJC_ROOT_CLASS = YES_ERROR;
				CLANG_WARN_SUSPICIOUS_MOVE = YES;
				CLANG_WARN_UNREACHABLE_CODE = YES;
				CLANG_WARN__DUPLICATE_METHOD_MATCH = YES;
				"CODE_SIGN_IDENTITY[sdk=iphoneos*]" = "iPhone Developer";
				COPY_PHASE_STRIP = NO;
				DEBUG_INFORMATION_FORMAT = dwarf;
				ENABLE_STRICT_OBJC_MSGSEND = YES;
				ENABLE_TESTABILITY = YES;
				GCC_C_LANGUAGE_STANDARD = gnu99;
				GCC_DYNAMIC_NO_PIC = NO;
				GCC_NO_COMMON_BLOCKS = YES;
				GCC_OPTIMIZATION_LEVEL = 0;
				GCC_PREPROCESSOR_DEFINITIONS = (
					"DEBUG=1",
					"$(inherited)",
				);
				GCC_WARN_64_TO_32_BIT_CONVERSION = YES;
				GCC_WARN_ABOUT_RETURN_TYPE = YES_ERROR;
				GCC_WARN_UNDECLARED_SELECTOR = YES;
				GCC_WARN_UNINITIALIZED_AUTOS = YES_AGGRESSIVE;
				GCC_WARN_UNUSED_FUNCTION = YES;
				GCC_WARN_UNUSED_VARIABLE = YES;
				IPHONEOS_DEPLOYMENT_TARGET = 9.3;
				MTL_ENABLE_DEBUG_INFO = YES;
				ONLY_ACTIVE_ARCH = YES;
				SDKROOT = iphoneos;
				SWIFT_OPTIMIZATION_LEVEL = "-Onone";
			};
			name = Debug;
		};
		D23EE4151CDF56B100D6143D /* Release */ = {
			isa = XCBuildConfiguration;
			buildSettings = {
				ALWAYS_SEARCH_USER_PATHS = NO;
				CLANG_ANALYZER_NONNULL = YES;
				CLANG_CXX_LANGUAGE_STANDARD = "gnu++0x";
				CLANG_CXX_LIBRARY = "libc++";
				CLANG_ENABLE_MODULES = YES;
				CLANG_ENABLE_OBJC_ARC = YES;
				CLANG_WARN_BOOL_CONVERSION = YES;
				CLANG_WARN_CONSTANT_CONVERSION = YES;
				CLANG_WARN_DIRECT_OBJC_ISA_USAGE = YES_ERROR;
				CLANG_WARN_EMPTY_BODY = YES;
				CLANG_WARN_ENUM_CONVERSION = YES;
				CLANG_WARN_INFINITE_RECURSION = YES;
				CLANG_WARN_INT_CONVERSION = YES;
				CLANG_WARN_OBJC_ROOT_CLASS = YES_ERROR;
				CLANG_WARN_SUSPICIOUS_MOVE = YES;
				CLANG_WARN_UNREACHABLE_CODE = YES;
				CLANG_WARN__DUPLICATE_METHOD_MATCH = YES;
				"CODE_SIGN_IDENTITY[sdk=iphoneos*]" = "iPhone Developer";
				COPY_PHASE_STRIP = NO;
				DEBUG_INFORMATION_FORMAT = "dwarf-with-dsym";
				ENABLE_NS_ASSERTIONS = NO;
				ENABLE_STRICT_OBJC_MSGSEND = YES;
				GCC_C_LANGUAGE_STANDARD = gnu99;
				GCC_NO_COMMON_BLOCKS = YES;
				GCC_WARN_64_TO_32_BIT_CONVERSION = YES;
				GCC_WARN_ABOUT_RETURN_TYPE = YES_ERROR;
				GCC_WARN_UNDECLARED_SELECTOR = YES;
				GCC_WARN_UNINITIALIZED_AUTOS = YES_AGGRESSIVE;
				GCC_WARN_UNUSED_FUNCTION = YES;
				GCC_WARN_UNUSED_VARIABLE = YES;
				IPHONEOS_DEPLOYMENT_TARGET = 9.3;
				MTL_ENABLE_DEBUG_INFO = NO;
				ONLY_ACTIVE_ARCH = NO;
				SDKROOT = iphoneos;
				SWIFT_OPTIMIZATION_LEVEL = "-Owholemodule";
				VALIDATE_PRODUCT = YES;
			};
			name = Release;
		};
		D23EE4171CDF56B100D6143D /* Debug */ = {
			isa = XCBuildConfiguration;
			buildSettings = {
				ASSETCATALOG_COMPILER_APPICON_NAME = AppIcon;
				CODE_SIGN_IDENTITY = "iPhone Developer";
				ENABLE_BITCODE = YES;
				FRAMEWORK_SEARCH_PATHS = (
					"$(inherited)",
					"$(PROJECT_DIR)/Carthage/Build/iOS",
					"$(PROJECT_DIR)",
				);
				INFOPLIST_FILE = CodeReader/Info.plist;
				IPHONEOS_DEPLOYMENT_TARGET = 9.0;
				LD_RUNPATH_SEARCH_PATHS = "$(inherited) @executable_path/Frameworks";
				OTHER_LDFLAGS = "";
				PRODUCT_BUNDLE_IDENTIFIER = com.wsd.Sources;
				PRODUCT_NAME = "$(TARGET_NAME)";
				SWIFT_VERSION = 3.0;
				TARGETED_DEVICE_FAMILY = "1,2";
			};
			name = Debug;
		};
		D23EE4181CDF56B100D6143D /* Release */ = {
			isa = XCBuildConfiguration;
			buildSettings = {
				ASSETCATALOG_COMPILER_APPICON_NAME = AppIcon;
				CODE_SIGN_IDENTITY = "iPhone Developer";
				ENABLE_BITCODE = YES;
				FRAMEWORK_SEARCH_PATHS = (
					"$(inherited)",
					"$(PROJECT_DIR)/Carthage/Build/iOS",
					"$(PROJECT_DIR)",
				);
				INFOPLIST_FILE = CodeReader/Info.plist;
				IPHONEOS_DEPLOYMENT_TARGET = 9.0;
				LD_RUNPATH_SEARCH_PATHS = "$(inherited) @executable_path/Frameworks";
				OTHER_LDFLAGS = "";
				PRODUCT_BUNDLE_IDENTIFIER = com.wsd.Sources;
				PRODUCT_NAME = "$(TARGET_NAME)";
				SWIFT_VERSION = 3.0;
				TARGETED_DEVICE_FAMILY = "1,2";
			};
			name = Release;
		};
/* End XCBuildConfiguration section */

/* Begin XCConfigurationList section */
		D2204DD91DBB9A4700F44A6E /* Build configuration list for PBXNativeTarget "SourcesTests" */ = {
			isa = XCConfigurationList;
			buildConfigurations = (
				D2204DDA1DBB9A4700F44A6E /* Debug */,
				D2204DDB1DBB9A4700F44A6E /* Release */,
			);
			defaultConfigurationIsVisible = 0;
			defaultConfigurationName = Release;
		};
		D23EE3FF1CDF56B100D6143D /* Build configuration list for PBXProject "CodeReader" */ = {
			isa = XCConfigurationList;
			buildConfigurations = (
				D23EE4141CDF56B100D6143D /* Debug */,
				D23EE4151CDF56B100D6143D /* Release */,
			);
			defaultConfigurationIsVisible = 0;
			defaultConfigurationName = Release;
		};
		D23EE4161CDF56B100D6143D /* Build configuration list for PBXNativeTarget "CodeReader" */ = {
			isa = XCConfigurationList;
			buildConfigurations = (
				D23EE4171CDF56B100D6143D /* Debug */,
				D23EE4181CDF56B100D6143D /* Release */,
			);
			defaultConfigurationIsVisible = 0;
			defaultConfigurationName = Release;
		};
/* End XCConfigurationList section */
	};
	rootObject = D23EE3FC1CDF56B100D6143D /* Project object */;
}
